// !$*UTF8*$!
{
	archiveVersion = 1;
	classes = {
	};
	objectVersion = 46;
	objects = {

/* Begin PBXBuildFile section */
		180E963319F7513D0007E213 /* AppDelegate.swift in Sources */ = {isa = PBXBuildFile; fileRef = 180E963219F7513D0007E213 /* AppDelegate.swift */; };
		180E963519F7513D0007E213 /* ViewController.swift in Sources */ = {isa = PBXBuildFile; fileRef = 180E963419F7513D0007E213 /* ViewController.swift */; };
		180E963819F7513D0007E213 /* Main.storyboard in Resources */ = {isa = PBXBuildFile; fileRef = 180E963619F7513D0007E213 /* Main.storyboard */; };
		180E963A19F7513D0007E213 /* Images.xcassets in Resources */ = {isa = PBXBuildFile; fileRef = 180E963919F7513D0007E213 /* Images.xcassets */; };
		180E963D19F7513D0007E213 /* LaunchScreen.xib in Resources */ = {isa = PBXBuildFile; fileRef = 180E963B19F7513D0007E213 /* LaunchScreen.xib */; };
		180E964919F7513D0007E213 /* Persistent_StorageTests.swift in Sources */ = {isa = PBXBuildFile; fileRef = 180E964819F7513D0007E213 /* Persistent_StorageTests.swift */; };
/* End PBXBuildFile section */

/* Begin PBXContainerItemProxy section */
		180E964319F7513D0007E213 /* PBXContainerItemProxy */ = {
			isa = PBXContainerItemProxy;
			containerPortal = 180E962519F7513D0007E213 /* Project object */;
			proxyType = 1;
			remoteGlobalIDString = 180E962C19F7513D0007E213;
			remoteInfo = "Persistent Storage";
		};
/* End PBXContainerItemProxy section */

/* Begin PBXFileReference section */
		180E962D19F7513D0007E213 /* Persistent Storage.app */ = {isa = PBXFileReference; explicitFileType = wrapper.application; includeInIndex = 0; path = "Persistent Storage.app"; sourceTree = BUILT_PRODUCTS_DIR; };
		180E963119F7513D0007E213 /* Info.plist */ = {isa = PBXFileReference; lastKnownFileType = text.plist.xml; path = Info.plist; sourceTree = "<group>"; };
		180E963219F7513D0007E213 /* AppDelegate.swift */ = {isa = PBXFileReference; lastKnownFileType = sourcecode.swift; path = AppDelegate.swift; sourceTree = "<group>"; };
		180E963419F7513D0007E213 /* ViewController.swift */ = {isa = PBXFileReference; lastKnownFileType = sourcecode.swift; path = ViewController.swift; sourceTree = "<group>"; };
		180E963719F7513D0007E213 /* Base */ = {isa = PBXFileReference; lastKnownFileType = file.storyboard; name = Base; path = Base.lproj/Main.storyboard; sourceTree = "<group>"; };
		180E963919F7513D0007E213 /* Images.xcassets */ = {isa = PBXFileReference; lastKnownFileType = folder.assetcatalog; path = Images.xcassets; sourceTree = "<group>"; };
		180E963C19F7513D0007E213 /* Base */ = {isa = PBXFileReference; lastKnownFileType = file.xib; name = Base; path = Base.lproj/LaunchScreen.xib; sourceTree = "<group>"; };
		180E964219F7513D0007E213 /* Persistent StorageTests.xctest */ = {isa = PBXFileReference; explicitFileType = wrapper.cfbundle; includeInIndex = 0; path = "Persistent StorageTests.xctest"; sourceTree = BUILT_PRODUCTS_DIR; };
		180E964719F7513D0007E213 /* Info.plist */ = {isa = PBXFileReference; lastKnownFileType = text.plist.xml; path = Info.plist; sourceTree = "<group>"; };
		180E964819F7513D0007E213 /* Persistent_StorageTests.swift */ = {isa = PBXFileReference; lastKnownFileType = sourcecode.swift; path = Persistent_StorageTests.swift; sourceTree = "<group>"; };
/* End PBXFileReference section */

/* Begin PBXFrameworksBuildPhase section */
		180E962A19F7513D0007E213 /* Frameworks */ = {
			isa = PBXFrameworksBuildPhase;
			buildActionMask = 2147483647;
			files = (
			);
			runOnlyForDeploymentPostprocessing = 0;
		};
		180E963F19F7513D0007E213 /* Frameworks */ = {
			isa = PBXFrameworksBuildPhase;
			buildActionMask = 2147483647;
			files = (
			);
			runOnlyForDeploymentPostprocessing = 0;
		};
/* End PBXFrameworksBuildPhase section */

/* Begin PBXGroup section */
		180E962419F7513D0007E213 = {
			isa = PBXGroup;
			children = (
				180E962F19F7513D0007E213 /* Persistent Storage */,
				180E964519F7513D0007E213 /* Persistent StorageTests */,
				180E962E19F7513D0007E213 /* Products */,
			);
			sourceTree = "<group>";
		};
		180E962E19F7513D0007E213 /* Products */ = {
			isa = PBXGroup;
			children = (
				180E962D19F7513D0007E213 /* Persistent Storage.app */,
				180E964219F7513D0007E213 /* Persistent StorageTests.xctest */,
			);
			name = Products;
			sourceTree = "<group>";
		};
		180E962F19F7513D0007E213 /* Persistent Storage */ = {
			isa = PBXGroup;
			children = (
				180E963219F7513D0007E213 /* AppDelegate.swift */,
				180E963419F7513D0007E213 /* ViewController.swift */,
				180E963619F7513D0007E213 /* Main.storyboard */,
				180E963919F7513D0007E213 /* Images.xcassets */,
				180E963B19F7513D0007E213 /* LaunchScreen.xib */,
				180E963019F7513D0007E213 /* Supporting Files */,
			);
			path = "Persistent Storage";
			sourceTree = "<group>";
		};
		180E963019F7513D0007E213 /* Supporting Files */ = {
			isa = PBXGroup;
			children = (
				180E963119F7513D0007E213 /* Info.plist */,
			);
			name = "Supporting Files";
			sourceTree = "<group>";
		};
		180E964519F7513D0007E213 /* Persistent StorageTests */ = {
			isa = PBXGroup;
			children = (
				180E964819F7513D0007E213 /* Persistent_StorageTests.swift */,
				180E964619F7513D0007E213 /* Supporting Files */,
			);
			path = "Persistent StorageTests";
			sourceTree = "<group>";
		};
		180E964619F7513D0007E213 /* Supporting Files */ = {
			isa = PBXGroup;
			children = (
				180E964719F7513D0007E213 /* Info.plist */,
			);
			name = "Supporting Files";
			sourceTree = "<group>";
		};
/* End PBXGroup section */

/* Begin PBXNativeTarget section */
		180E962C19F7513D0007E213 /* Persistent Storage */ = {
			isa = PBXNativeTarget;
			buildConfigurationList = 180E964C19F7513D0007E213 /* Build configuration list for PBXNativeTarget "Persistent Storage" */;
			buildPhases = (
				180E962919F7513D0007E213 /* Sources */,
				180E962A19F7513D0007E213 /* Frameworks */,
				180E962B19F7513D0007E213 /* Resources */,
			);
			buildRules = (
			);
			dependencies = (
			);
			name = "Persistent Storage";
			productName = "Persistent Storage";
			productReference = 180E962D19F7513D0007E213 /* Persistent Storage.app */;
			productType = "com.apple.product-type.application";
		};
		180E964119F7513D0007E213 /* Persistent StorageTests */ = {
			isa = PBXNativeTarget;
			buildConfigurationList = 180E964F19F7513D0007E213 /* Build configuration list for PBXNativeTarget "Persistent StorageTests" */;
			buildPhases = (
				180E963E19F7513D0007E213 /* Sources */,
				180E963F19F7513D0007E213 /* Frameworks */,
				180E964019F7513D0007E213 /* Resources */,
			);
			buildRules = (
			);
			dependencies = (
				180E964419F7513D0007E213 /* PBXTargetDependency */,
			);
			name = "Persistent StorageTests";
			productName = "Persistent StorageTests";
			productReference = 180E964219F7513D0007E213 /* Persistent StorageTests.xctest */;
			productType = "com.apple.product-type.bundle.unit-test";
		};
/* End PBXNativeTarget section */

/* Begin PBXProject section */
		180E962519F7513D0007E213 /* Project object */ = {
			isa = PBXProject;
			attributes = {
				LastUpgradeCheck = 0600;
				ORGANIZATIONNAME = Appfish;
				TargetAttributes = {
					180E962C19F7513D0007E213 = {
						CreatedOnToolsVersion = 6.0.1;
					};
					180E964119F7513D0007E213 = {
						CreatedOnToolsVersion = 6.0.1;
						TestTargetID = 180E962C19F7513D0007E213;
					};
				};
			};
			buildConfigurationList = 180E962819F7513D0007E213 /* Build configuration list for PBXProject "Persistent Storage" */;
			compatibilityVersion = "Xcode 3.2";
			developmentRegion = English;
			hasScannedForEncodings = 0;
			knownRegions = (
				en,
				Base,
			);
			mainGroup = 180E962419F7513D0007E213;
			productRefGroup = 180E962E19F7513D0007E213 /* Products */;
			projectDirPath = "";
			projectRoot = "";
			targets = (
				180E962C19F7513D0007E213 /* Persistent Storage */,
				180E964119F7513D0007E213 /* Persistent StorageTests */,
			);
		};
/* End PBXProject section */

/* Begin PBXResourcesBuildPhase section */
		180E962B19F7513D0007E213 /* Resources */ = {
			isa = PBXResourcesBuildPhase;
			buildActionMask = 2147483647;
			files = (
				180E963819F7513D0007E213 /* Main.storyboard in Resources */,
				180E963D19F7513D0007E213 /* LaunchScreen.xib in Resources */,
				180E963A19F7513D0007E213 /* Images.xcassets in Resources */,
			);
			runOnlyForDeploymentPostprocessing = 0;
		};
		180E964019F7513D0007E213 /* Resources */ = {
			isa = PBXResourcesBuildPhase;
			buildActionMask = 2147483647;
			files = (
			);
			runOnlyForDeploymentPostprocessing = 0;
		};
/* End PBXResourcesBuildPhase section */

/* Begin PBXSourcesBuildPhase section */
		180E962919F7513D0007E213 /* Sources */ = {
			isa = PBXSourcesBuildPhase;
			buildActionMask = 2147483647;
			files = (
				180E963519F7513D0007E213 /* ViewController.swift in Sources */,
				180E963319F7513D0007E213 /* AppDelegate.swift in Sources */,
			);
			runOnlyForDeploymentPostprocessing = 0;
		};
		180E963E19F7513D0007E213 /* Sources */ = {
			isa = PBXSourcesBuildPhase;
			buildActionMask = 2147483647;
			files = (
				180E964919F7513D0007E213 /* Persistent_StorageTests.swift in Sources */,
			);
			runOnlyForDeploymentPostprocessing = 0;
		};
/* End PBXSourcesBuildPhase section */

/* Begin PBXTargetDependency section */
		180E964419F7513D0007E213 /* PBXTargetDependency */ = {
			isa = PBXTargetDependency;
			target = 180E962C19F7513D0007E213 /* Persistent Storage */;
			targetProxy = 180E964319F7513D0007E213 /* PBXContainerItemProxy */;
		};
/* End PBXTargetDependency section */

/* Begin PBXVariantGroup section */
		180E963619F7513D0007E213 /* Main.storyboard */ = {
			isa = PBXVariantGroup;
			children = (
				180E963719F7513D0007E213 /* Base */,
			);
			name = Main.storyboard;
			sourceTree = "<group>";
		};
		180E963B19F7513D0007E213 /* LaunchScreen.xib */ = {
			isa = PBXVariantGroup;
			children = (
				180E963C19F7513D0007E213 /* Base */,
			);
			name = LaunchScreen.xib;
			sourceTree = "<group>";
		};
/* End PBXVariantGroup section */

/* Begin XCBuildConfiguration section */
		180E964A19F7513D0007E213 /* Debug */ = {
			isa = XCBuildConfiguration;
			buildSettings = {
				ALWAYS_SEARCH_USER_PATHS = NO;
				CLANG_CXX_LANGUAGE_STANDARD = "gnu++0x";
				CLANG_CXX_LIBRARY = "libc++";
				CLANG_ENABLE_MODULES = YES;
				CLANG_ENABLE_OBJC_ARC = YES;
				CLANG_WARN_BOOL_CONVERSION = YES;
				CLANG_WARN_CONSTANT_CONVERSION = YES;
				CLANG_WARN_DIRECT_OBJC_ISA_USAGE = YES_ERROR;
				CLANG_WARN_EMPTY_BODY = YES;
				CLANG_WARN_ENUM_CONVERSION = YES;
				CLANG_WARN_INT_CONVERSION = YES;
				CLANG_WARN_OBJC_ROOT_CLASS = YES_ERROR;
				CLANG_WARN_UNREACHABLE_CODE = YES;
				CLANG_WARN__DUPLICATE_METHOD_MATCH = YES;
				"CODE_SIGN_IDENTITY[sdk=iphoneos*]" = "iPhone Developer";
				COPY_PHASE_STRIP = NO;
				ENABLE_STRICT_OBJC_MSGSEND = YES;
				GCC_C_LANGUAGE_STANDARD = gnu99;
				GCC_DYNAMIC_NO_PIC = NO;
				GCC_OPTIMIZATION_LEVEL = 0;
				GCC_PREPROCESSOR_DEFINITIONS = (
					"DEBUG=1",
					"$(inherited)",
				);
				GCC_SYMBOLS_PRIVATE_EXTERN = NO;
				GCC_WARN_64_TO_32_BIT_CONVERSION = YES;
				GCC_WARN_ABOUT_RETURN_TYPE = YES_ERROR;
				GCC_WARN_UNDECLARED_SELECTOR = YES;
				GCC_WARN_UNINITIALIZED_AUTOS = YES_AGGRESSIVE;
				GCC_WARN_UNUSED_FUNCTION = YES;
				GCC_WARN_UNUSED_VARIABLE = YES;
				IPHONEOS_DEPLOYMENT_TARGET = 8.0;
				MTL_ENABLE_DEBUG_INFO = YES;
				ONLY_ACTIVE_ARCH = YES;
				SDKROOT = iphoneos;
				SWIFT_OPTIMIZATION_LEVEL = "-Onone";
			};
			name = Debug;
		};
		180E964B19F7513D0007E213 /* Release */ = {
			isa = XCBuildConfiguration;
			buildSettings = {
				ALWAYS_SEARCH_USER_PATHS = NO;
				CLANG_CXX_LANGUAGE_STANDARD = "gnu++0x";
				CLANG_CXX_LIBRARY = "libc++";
				CLANG_ENABLE_MODULES = YES;
				CLANG_ENABLE_OBJC_ARC = YES;
				CLANG_WARN_BOOL_CONVERSION = YES;
				CLANG_WARN_CONSTANT_CONVERSION = YES;
				CLANG_WARN_DIRECT_OBJC_ISA_USAGE = YES_ERROR;
				CLANG_WARN_EMPTY_BODY = YES;
				CLANG_WARN_ENUM_CONVERSION = YES;
				CLANG_WARN_INT_CONVERSION = YES;
				CLANG_WARN_OBJC_ROOT_CLASS = YES_ERROR;
				CLANG_WARN_UNREACHABLE_CODE = YES;
				CLANG_WARN__DUPLICATE_METHOD_MATCH = YES;
				"CODE_SIGN_IDENTITY[sdk=iphoneos*]" = "iPhone Developer";
				COPY_PHASE_STRIP = YES;
				ENABLE_NS_ASSERTIONS = NO;
				ENABLE_STRICT_OBJC_MSGSEND = YES;
				GCC_C_LANGUAGE_STANDARD = gnu99;
				GCC_WARN_64_TO_32_BIT_CONVERSION = YES;
				GCC_WARN_ABOUT_RETURN_TYPE = YES_ERROR;
				GCC_WARN_UNDECLARED_SELECTOR = YES;
				GCC_WARN_UNINITIALIZED_AUTOS = YES_AGGRESSIVE;
				GCC_WARN_UNUSED_FUNCTION = YES;
				GCC_WARN_UNUSED_VARIABLE = YES;
				IPHONEOS_DEPLOYMENT_TARGET = 8.0;
				MTL_ENABLE_DEBUG_INFO = NO;
				SDKROOT = iphoneos;
				VALIDATE_PRODUCT = YES;
			};
			name = Release;
		};
		180E964D19F7513D0007E213 /* Debug */ = {
			isa = XCBuildConfiguration;
			buildSettings = {
				ASSETCATALOG_COMPILER_APPICON_NAME = AppIcon;
				INFOPLIST_FILE = "Persistent Storage/Info.plist";
				LD_RUNPATH_SEARCH_PATHS = "$(inherited) @executable_path/Frameworks";
				PRODUCT_NAME = "$(TARGET_NAME)";
			};
			name = Debug;
		};
		180E964E19F7513D0007E213 /* Release */ = {
			isa = XCBuildConfiguration;
			buildSettings = {
				ASSETCATALOG_COMPILER_APPICON_NAME = AppIcon;
				INFOPLIST_FILE = "Persistent Storage/Info.plist";
				LD_RUNPATH_SEARCH_PATHS = "$(inherited) @executable_path/Frameworks";
				PRODUCT_NAME = "$(TARGET_NAME)";
			};
			name = Release;
		};
		180E965019F7513D0007E213 /* Debug */ = {
			isa = XCBuildConfiguration;
			buildSettings = {
				BUNDLE_LOADER = "$(TEST_HOST)";
				FRAMEWORK_SEARCH_PATHS = (
					"$(SDKROOT)/Developer/Library/Frameworks",
					"$(inherited)",
				);
				GCC_PREPROCESSOR_DEFINITIONS = (
					"DEBUG=1",
					"$(inherited)",
				);
				INFOPLIST_FILE = "Persistent StorageTests/Info.plist";
				LD_RUNPATH_SEARCH_PATHS = "$(inherited) @executable_path/Frameworks @loader_path/Frameworks";
				PRODUCT_NAME = "$(TARGET_NAME)";
				TEST_HOST = "$(BUILT_PRODUCTS_DIR)/Persistent Storage.app/Persistent Storage";
			};
			name = Debug;
		};
		180E965119F7513D0007E213 /* Release */ = {
			isa = XCBuildConfiguration;
			buildSettings = {
				BUNDLE_LOADER = "$(TEST_HOST)";
				FRAMEWORK_SEARCH_PATHS = (
					"$(SDKROOT)/Developer/Library/Frameworks",
					"$(inherited)",
				);
				INFOPLIST_FILE = "Persistent StorageTests/Info.plist";
				LD_RUNPATH_SEARCH_PATHS = "$(inherited) @executable_path/Frameworks @loader_path/Frameworks";
				PRODUCT_NAME = "$(TARGET_NAME)";
				TEST_HOST = "$(BUILT_PRODUCTS_DIR)/Persistent Storage.app/Persistent Storage";
			};
			name = Release;
		};
/* End XCBuildConfiguration section */

/* Begin XCConfigurationList section */
		180E962819F7513D0007E213 /* Build configuration list for PBXProject "Persistent Storage" */ = {
			isa = XCConfigurationList;
			buildConfigurations = (
				180E964A19F7513D0007E213 /* Debug */,
				180E964B19F7513D0007E213 /* Release */,
			);
			defaultConfigurationIsVisible = 0;
			defaultConfigurationName = Release;
		};
		180E964C19F7513D0007E213 /* Build configuration list for PBXNativeTarget "Persistent Storage" */ = {
			isa = XCConfigurationList;
			buildConfigurations = (
				180E964D19F7513D0007E213 /* Debug */,
				180E964E19F7513D0007E213 /* Release */,
			);
			defaultConfigurationIsVisible = 0;
		};
		180E964F19F7513D0007E213 /* Build configuration list for PBXNativeTarget "Persistent StorageTests" */ = {
			isa = XCConfigurationList;
			buildConfigurations = (
				180E965019F7513D0007E213 /* Debug */,
				180E965119F7513D0007E213 /* Release */,
			);
			defaultConfigurationIsVisible = 0;
		};
/* End XCConfigurationList section */
	};
	rootObject = 180E962519F7513D0007E213 /* Project object */;
}
