// !$*UTF8*$!
{
	archiveVersion = 1;
	classes = {
	};
	objectVersion = 46;
	objects = {

/* Begin PBXBuildFile section */
		1811BD9A1A0EC452006032D2 /* AppDelegate.swift in Sources */ = {isa = PBXBuildFile; fileRef = 1811BD991A0EC452006032D2 /* AppDelegate.swift */; };
		1811BD9C1A0EC452006032D2 /* ViewController.swift in Sources */ = {isa = PBXBuildFile; fileRef = 1811BD9B1A0EC452006032D2 /* ViewController.swift */; };
		1811BD9F1A0EC452006032D2 /* Main.storyboard in Resources */ = {isa = PBXBuildFile; fileRef = 1811BD9D1A0EC452006032D2 /* Main.storyboard */; };
		1811BDA11A0EC452006032D2 /* Images.xcassets in Resources */ = {isa = PBXBuildFile; fileRef = 1811BDA01A0EC452006032D2 /* Images.xcassets */; };
		1811BDA41A0EC452006032D2 /* LaunchScreen.xib in Resources */ = {isa = PBXBuildFile; fileRef = 1811BDA21A0EC452006032D2 /* LaunchScreen.xib */; };
		1811BDB01A0EC452006032D2 /* Whats_The_WeatherTests.swift in Sources */ = {isa = PBXBuildFile; fileRef = 1811BDAF1A0EC452006032D2 /* Whats_The_WeatherTests.swift */; };
		1811BDBA1A0EC593006032D2 /* Background.png in Resources */ = {isa = PBXBuildFile; fileRef = 1811BDB91A0EC593006032D2 /* Background.png */; };
/* End PBXBuildFile section */

/* Begin PBXContainerItemProxy section */
		1811BDAA1A0EC452006032D2 /* PBXContainerItemProxy */ = {
			isa = PBXContainerItemProxy;
			containerPortal = 1811BD8C1A0EC452006032D2 /* Project object */;
			proxyType = 1;
			remoteGlobalIDString = 1811BD931A0EC452006032D2;
			remoteInfo = "Whats The Weather";
		};
/* End PBXContainerItemProxy section */

/* Begin PBXFileReference section */
		1811BD941A0EC452006032D2 /* Whats The Weather.app */ = {isa = PBXFileReference; explicitFileType = wrapper.application; includeInIndex = 0; path = "Whats The Weather.app"; sourceTree = BUILT_PRODUCTS_DIR; };
		1811BD981A0EC452006032D2 /* Info.plist */ = {isa = PBXFileReference; lastKnownFileType = text.plist.xml; path = Info.plist; sourceTree = "<group>"; };
		1811BD991A0EC452006032D2 /* AppDelegate.swift */ = {isa = PBXFileReference; lastKnownFileType = sourcecode.swift; path = AppDelegate.swift; sourceTree = "<group>"; };
		1811BD9B1A0EC452006032D2 /* ViewController.swift */ = {isa = PBXFileReference; lastKnownFileType = sourcecode.swift; path = ViewController.swift; sourceTree = "<group>"; };
		1811BD9E1A0EC452006032D2 /* Base */ = {isa = PBXFileReference; lastKnownFileType = file.storyboard; name = Base; path = Base.lproj/Main.storyboard; sourceTree = "<group>"; };
		1811BDA01A0EC452006032D2 /* Images.xcassets */ = {isa = PBXFileReference; lastKnownFileType = folder.assetcatalog; path = Images.xcassets; sourceTree = "<group>"; };
		1811BDA31A0EC452006032D2 /* Base */ = {isa = PBXFileReference; lastKnownFileType = file.xib; name = Base; path = Base.lproj/LaunchScreen.xib; sourceTree = "<group>"; };
		1811BDA91A0EC452006032D2 /* Whats The WeatherTests.xctest */ = {isa = PBXFileReference; explicitFileType = wrapper.cfbundle; includeInIndex = 0; path = "Whats The WeatherTests.xctest"; sourceTree = BUILT_PRODUCTS_DIR; };
		1811BDAE1A0EC452006032D2 /* Info.plist */ = {isa = PBXFileReference; lastKnownFileType = text.plist.xml; path = Info.plist; sourceTree = "<group>"; };
		1811BDAF1A0EC452006032D2 /* Whats_The_WeatherTests.swift */ = {isa = PBXFileReference; lastKnownFileType = sourcecode.swift; path = Whats_The_WeatherTests.swift; sourceTree = "<group>"; };
		1811BDB91A0EC593006032D2 /* Background.png */ = {isa = PBXFileReference; lastKnownFileType = image.png; path = Background.png; sourceTree = "<group>"; };
/* End PBXFileReference section */

/* Begin PBXFrameworksBuildPhase section */
		1811BD911A0EC452006032D2 /* Frameworks */ = {
			isa = PBXFrameworksBuildPhase;
			buildActionMask = 2147483647;
			files = (
			);
			runOnlyForDeploymentPostprocessing = 0;
		};
		1811BDA61A0EC452006032D2 /* Frameworks */ = {
			isa = PBXFrameworksBuildPhase;
			buildActionMask = 2147483647;
			files = (
			);
			runOnlyForDeploymentPostprocessing = 0;
		};
/* End PBXFrameworksBuildPhase section */

/* Begin PBXGroup section */
		1811BD8B1A0EC452006032D2 = {
			isa = PBXGroup;
			children = (
				1811BD961A0EC452006032D2 /* Whats The Weather */,
				1811BDAC1A0EC452006032D2 /* Whats The WeatherTests */,
				1811BD951A0EC452006032D2 /* Products */,
			);
			sourceTree = "<group>";
		};
		1811BD951A0EC452006032D2 /* Products */ = {
			isa = PBXGroup;
			children = (
				1811BD941A0EC452006032D2 /* Whats The Weather.app */,
				1811BDA91A0EC452006032D2 /* Whats The WeatherTests.xctest */,
			);
			name = Products;
			sourceTree = "<group>";
		};
		1811BD961A0EC452006032D2 /* Whats The Weather */ = {
			isa = PBXGroup;
			children = (
				1811BD991A0EC452006032D2 /* AppDelegate.swift */,
				1811BD9B1A0EC452006032D2 /* ViewController.swift */,
				1811BD9D1A0EC452006032D2 /* Main.storyboard */,
				1811BDB91A0EC593006032D2 /* Background.png */,
				1811BDA01A0EC452006032D2 /* Images.xcassets */,
				1811BDA21A0EC452006032D2 /* LaunchScreen.xib */,
				1811BD971A0EC452006032D2 /* Supporting Files */,
			);
			path = "Whats The Weather";
			sourceTree = "<group>";
		};
		1811BD971A0EC452006032D2 /* Supporting Files */ = {
			isa = PBXGroup;
			children = (
				1811BD981A0EC452006032D2 /* Info.plist */,
			);
			name = "Supporting Files";
			sourceTree = "<group>";
		};
		1811BDAC1A0EC452006032D2 /* Whats The WeatherTests */ = {
			isa = PBXGroup;
			children = (
				1811BDAF1A0EC452006032D2 /* Whats_The_WeatherTests.swift */,
				1811BDAD1A0EC452006032D2 /* Supporting Files */,
			);
			path = "Whats The WeatherTests";
			sourceTree = "<group>";
		};
		1811BDAD1A0EC452006032D2 /* Supporting Files */ = {
			isa = PBXGroup;
			children = (
				1811BDAE1A0EC452006032D2 /* Info.plist */,
			);
			name = "Supporting Files";
			sourceTree = "<group>";
		};
/* End PBXGroup section */

/* Begin PBXNativeTarget section */
		1811BD931A0EC452006032D2 /* Whats The Weather */ = {
			isa = PBXNativeTarget;
			buildConfigurationList = 1811BDB31A0EC452006032D2 /* Build configuration list for PBXNativeTarget "Whats The Weather" */;
			buildPhases = (
				1811BD901A0EC452006032D2 /* Sources */,
				1811BD911A0EC452006032D2 /* Frameworks */,
				1811BD921A0EC452006032D2 /* Resources */,
			);
			buildRules = (
			);
			dependencies = (
			);
			name = "Whats The Weather";
			productName = "Whats The Weather";
			productReference = 1811BD941A0EC452006032D2 /* Whats The Weather.app */;
			productType = "com.apple.product-type.application";
		};
		1811BDA81A0EC452006032D2 /* Whats The WeatherTests */ = {
			isa = PBXNativeTarget;
			buildConfigurationList = 1811BDB61A0EC452006032D2 /* Build configuration list for PBXNativeTarget "Whats The WeatherTests" */;
			buildPhases = (
				1811BDA51A0EC452006032D2 /* Sources */,
				1811BDA61A0EC452006032D2 /* Frameworks */,
				1811BDA71A0EC452006032D2 /* Resources */,
			);
			buildRules = (
			);
			dependencies = (
				1811BDAB1A0EC452006032D2 /* PBXTargetDependency */,
			);
			name = "Whats The WeatherTests";
			productName = "Whats The WeatherTests";
			productReference = 1811BDA91A0EC452006032D2 /* Whats The WeatherTests.xctest */;
			productType = "com.apple.product-type.bundle.unit-test";
		};
/* End PBXNativeTarget section */

/* Begin PBXProject section */
		1811BD8C1A0EC452006032D2 /* Project object */ = {
			isa = PBXProject;
			attributes = {
				LastUpgradeCheck = 0610;
				ORGANIZATIONNAME = Appfish;
				TargetAttributes = {
					1811BD931A0EC452006032D2 = {
						CreatedOnToolsVersion = 6.1;
					};
					1811BDA81A0EC452006032D2 = {
						CreatedOnToolsVersion = 6.1;
						TestTargetID = 1811BD931A0EC452006032D2;
					};
				};
			};
			buildConfigurationList = 1811BD8F1A0EC452006032D2 /* Build configuration list for PBXProject "Whats The Weather" */;
			compatibilityVersion = "Xcode 3.2";
			developmentRegion = English;
			hasScannedForEncodings = 0;
			knownRegions = (
				en,
				Base,
			);
			mainGroup = 1811BD8B1A0EC452006032D2;
			productRefGroup = 1811BD951A0EC452006032D2 /* Products */;
			projectDirPath = "";
			projectRoot = "";
			targets = (
				1811BD931A0EC452006032D2 /* Whats The Weather */,
				1811BDA81A0EC452006032D2 /* Whats The WeatherTests */,
			);
		};
/* End PBXProject section */

/* Begin PBXResourcesBuildPhase section */
		1811BD921A0EC452006032D2 /* Resources */ = {
			isa = PBXResourcesBuildPhase;
			buildActionMask = 2147483647;
			files = (
				1811BD9F1A0EC452006032D2 /* Main.storyboard in Resources */,
				1811BDBA1A0EC593006032D2 /* Background.png in Resources */,
				1811BDA41A0EC452006032D2 /* LaunchScreen.xib in Resources */,
				1811BDA11A0EC452006032D2 /* Images.xcassets in Resources */,
			);
			runOnlyForDeploymentPostprocessing = 0;
		};
		1811BDA71A0EC452006032D2 /* Resources */ = {
			isa = PBXResourcesBuildPhase;
			buildActionMask = 2147483647;
			files = (
			);
			runOnlyForDeploymentPostprocessing = 0;
		};
/* End PBXResourcesBuildPhase section */

/* Begin PBXSourcesBuildPhase section */
		1811BD901A0EC452006032D2 /* Sources */ = {
			isa = PBXSourcesBuildPhase;
			buildActionMask = 2147483647;
			files = (
				1811BD9C1A0EC452006032D2 /* ViewController.swift in Sources */,
				1811BD9A1A0EC452006032D2 /* AppDelegate.swift in Sources */,
			);
			runOnlyForDeploymentPostprocessing = 0;
		};
		1811BDA51A0EC452006032D2 /* Sources */ = {
			isa = PBXSourcesBuildPhase;
			buildActionMask = 2147483647;
			files = (
				1811BDB01A0EC452006032D2 /* Whats_The_WeatherTests.swift in Sources */,
			);
			runOnlyForDeploymentPostprocessing = 0;
		};
/* End PBXSourcesBuildPhase section */

/* Begin PBXTargetDependency section */
		1811BDAB1A0EC452006032D2 /* PBXTargetDependency */ = {
			isa = PBXTargetDependency;
			target = 1811BD931A0EC452006032D2 /* Whats The Weather */;
			targetProxy = 1811BDAA1A0EC452006032D2 /* PBXContainerItemProxy */;
		};
/* End PBXTargetDependency section */

/* Begin PBXVariantGroup section */
		1811BD9D1A0EC452006032D2 /* Main.storyboard */ = {
			isa = PBXVariantGroup;
			children = (
				1811BD9E1A0EC452006032D2 /* Base */,
			);
			name = Main.storyboard;
			sourceTree = "<group>";
		};
		1811BDA21A0EC452006032D2 /* LaunchScreen.xib */ = {
			isa = PBXVariantGroup;
			children = (
				1811BDA31A0EC452006032D2 /* Base */,
			);
			name = LaunchScreen.xib;
			sourceTree = "<group>";
		};
/* End PBXVariantGroup section */

/* Begin XCBuildConfiguration section */
		1811BDB11A0EC452006032D2 /* Debug */ = {
			isa = XCBuildConfiguration;
			buildSettings = {
				ALWAYS_SEARCH_USER_PATHS = NO;
				CLANG_CXX_LANGUAGE_STANDARD = "gnu++0x";
				CLANG_CXX_LIBRARY = "libc++";
				CLANG_ENABLE_MODULES = YES;
				CLANG_ENABLE_OBJC_ARC = YES;
				CLANG_WARN_BOOL_CONVERSION = YES;
				CLANG_WARN_CONSTANT_CONVERSION = YES;
				CLANG_WARN_DIRECT_OBJC_ISA_USAGE = YES_ERROR;
				CLANG_WARN_EMPTY_BODY = YES;
				CLANG_WARN_ENUM_CONVERSION = YES;
				CLANG_WARN_INT_CONVERSION = YES;
				CLANG_WARN_OBJC_ROOT_CLASS = YES_ERROR;
				CLANG_WARN_UNREACHABLE_CODE = YES;
				CLANG_WARN__DUPLICATE_METHOD_MATCH = YES;
				"CODE_SIGN_IDENTITY[sdk=iphoneos*]" = "iPhone Developer";
				COPY_PHASE_STRIP = NO;
				ENABLE_STRICT_OBJC_MSGSEND = YES;
				GCC_C_LANGUAGE_STANDARD = gnu99;
				GCC_DYNAMIC_NO_PIC = NO;
				GCC_OPTIMIZATION_LEVEL = 0;
				GCC_PREPROCESSOR_DEFINITIONS = (
					"DEBUG=1",
					"$(inherited)",
				);
				GCC_SYMBOLS_PRIVATE_EXTERN = NO;
				GCC_WARN_64_TO_32_BIT_CONVERSION = YES;
				GCC_WARN_ABOUT_RETURN_TYPE = YES_ERROR;
				GCC_WARN_UNDECLARED_SELECTOR = YES;
				GCC_WARN_UNINITIALIZED_AUTOS = YES_AGGRESSIVE;
				GCC_WARN_UNUSED_FUNCTION = YES;
				GCC_WARN_UNUSED_VARIABLE = YES;
				IPHONEOS_DEPLOYMENT_TARGET = 8.1;
				MTL_ENABLE_DEBUG_INFO = YES;
				ONLY_ACTIVE_ARCH = YES;
				SDKROOT = iphoneos;
				SWIFT_OPTIMIZATION_LEVEL = "-Onone";
			};
			name = Debug;
		};
		1811BDB21A0EC452006032D2 /* Release */ = {
			isa = XCBuildConfiguration;
			buildSettings = {
				ALWAYS_SEARCH_USER_PATHS = NO;
				CLANG_CXX_LANGUAGE_STANDARD = "gnu++0x";
				CLANG_CXX_LIBRARY = "libc++";
				CLANG_ENABLE_MODULES = YES;
				CLANG_ENABLE_OBJC_ARC = YES;
				CLANG_WARN_BOOL_CONVERSION = YES;
				CLANG_WARN_CONSTANT_CONVERSION = YES;
				CLANG_WARN_DIRECT_OBJC_ISA_USAGE = YES_ERROR;
				CLANG_WARN_EMPTY_BODY = YES;
				CLANG_WARN_ENUM_CONVERSION = YES;
				CLANG_WARN_INT_CONVERSION = YES;
				CLANG_WARN_OBJC_ROOT_CLASS = YES_ERROR;
				CLANG_WARN_UNREACHABLE_CODE = YES;
				CLANG_WARN__DUPLICATE_METHOD_MATCH = YES;
				"CODE_SIGN_IDENTITY[sdk=iphoneos*]" = "iPhone Developer";
				COPY_PHASE_STRIP = YES;
				ENABLE_NS_ASSERTIONS = NO;
				ENABLE_STRICT_OBJC_MSGSEND = YES;
				GCC_C_LANGUAGE_STANDARD = gnu99;
				GCC_WARN_64_TO_32_BIT_CONVERSION = YES;
				GCC_WARN_ABOUT_RETURN_TYPE = YES_ERROR;
				GCC_WARN_UNDECLARED_SELECTOR = YES;
				GCC_WARN_UNINITIALIZED_AUTOS = YES_AGGRESSIVE;
				GCC_WARN_UNUSED_FUNCTION = YES;
				GCC_WARN_UNUSED_VARIABLE = YES;
				IPHONEOS_DEPLOYMENT_TARGET = 8.1;
				MTL_ENABLE_DEBUG_INFO = NO;
				SDKROOT = iphoneos;
				VALIDATE_PRODUCT = YES;
			};
			name = Release;
		};
		1811BDB41A0EC452006032D2 /* Debug */ = {
			isa = XCBuildConfiguration;
			buildSettings = {
				ASSETCATALOG_COMPILER_APPICON_NAME = AppIcon;
				INFOPLIST_FILE = "Whats The Weather/Info.plist";
				LD_RUNPATH_SEARCH_PATHS = "$(inherited) @executable_path/Frameworks";
				PRODUCT_NAME = "$(TARGET_NAME)";
			};
			name = Debug;
		};
		1811BDB51A0EC452006032D2 /* Release */ = {
			isa = XCBuildConfiguration;
			buildSettings = {
				ASSETCATALOG_COMPILER_APPICON_NAME = AppIcon;
				INFOPLIST_FILE = "Whats The Weather/Info.plist";
				LD_RUNPATH_SEARCH_PATHS = "$(inherited) @executable_path/Frameworks";
				PRODUCT_NAME = "$(TARGET_NAME)";
			};
			name = Release;
		};
		1811BDB71A0EC452006032D2 /* Debug */ = {
			isa = XCBuildConfiguration;
			buildSettings = {
				BUNDLE_LOADER = "$(TEST_HOST)";
				FRAMEWORK_SEARCH_PATHS = (
					"$(SDKROOT)/Developer/Library/Frameworks",
					"$(inherited)",
				);
				GCC_PREPROCESSOR_DEFINITIONS = (
					"DEBUG=1",
					"$(inherited)",
				);
				INFOPLIST_FILE = "Whats The WeatherTests/Info.plist";
				LD_RUNPATH_SEARCH_PATHS = "$(inherited) @executable_path/Frameworks @loader_path/Frameworks";
				PRODUCT_NAME = "$(TARGET_NAME)";
				TEST_HOST = "$(BUILT_PRODUCTS_DIR)/Whats The Weather.app/Whats The Weather";
			};
			name = Debug;
		};
		1811BDB81A0EC452006032D2 /* Release */ = {
			isa = XCBuildConfiguration;
			buildSettings = {
				BUNDLE_LOADER = "$(TEST_HOST)";
				FRAMEWORK_SEARCH_PATHS = (
					"$(SDKROOT)/Developer/Library/Frameworks",
					"$(inherited)",
				);
				INFOPLIST_FILE = "Whats The WeatherTests/Info.plist";
				LD_RUNPATH_SEARCH_PATHS = "$(inherited) @executable_path/Frameworks @loader_path/Frameworks";
				PRODUCT_NAME = "$(TARGET_NAME)";
				TEST_HOST = "$(BUILT_PRODUCTS_DIR)/Whats The Weather.app/Whats The Weather";
			};
			name = Release;
		};
/* End XCBuildConfiguration section */

/* Begin XCConfigurationList section */
		1811BD8F1A0EC452006032D2 /* Build configuration list for PBXProject "Whats The Weather" */ = {
			isa = XCConfigurationList;
			buildConfigurations = (
				1811BDB11A0EC452006032D2 /* Debug */,
				1811BDB21A0EC452006032D2 /* Release */,
			);
			defaultConfigurationIsVisible = 0;
			defaultConfigurationName = Release;
		};
		1811BDB31A0EC452006032D2 /* Build configuration list for PBXNativeTarget "Whats The Weather" */ = {
			isa = XCConfigurationList;
			buildConfigurations = (
				1811BDB41A0EC452006032D2 /* Debug */,
				1811BDB51A0EC452006032D2 /* Release */,
			);
			defaultConfigurationIsVisible = 0;
		};
		1811BDB61A0EC452006032D2 /* Build configuration list for PBXNativeTarget "Whats The WeatherTests" */ = {
			isa = XCConfigurationList;
			buildConfigurations = (
				1811BDB71A0EC452006032D2 /* Debug */,
				1811BDB81A0EC452006032D2 /* Release */,
			);
			defaultConfigurationIsVisible = 0;
		};
/* End XCConfigurationList section */
	};
	rootObject = 1811BD8C1A0EC452006032D2 /* Project object */;
}
