// !$*UTF8*$!
{
	archiveVersion = 1;
	classes = {
	};
	objectVersion = 46;
	objects = {

/* Begin PBXBuildFile section */
		183105181A18388D00F23002 /* AppDelegate.swift in Sources */ = {isa = PBXBuildFile; fileRef = 183105171A18388D00F23002 /* AppDelegate.swift */; };
		1831051A1A18388D00F23002 /* ViewController.swift in Sources */ = {isa = PBXBuildFile; fileRef = 183105191A18388D00F23002 /* ViewController.swift */; };
		1831051D1A18388D00F23002 /* Main.storyboard in Resources */ = {isa = PBXBuildFile; fileRef = 1831051B1A18388D00F23002 /* Main.storyboard */; };
		1831051F1A18388D00F23002 /* Images.xcassets in Resources */ = {isa = PBXBuildFile; fileRef = 1831051E1A18388D00F23002 /* Images.xcassets */; };
		183105221A18388D00F23002 /* LaunchScreen.xib in Resources */ = {isa = PBXBuildFile; fileRef = 183105201A18388D00F23002 /* LaunchScreen.xib */; };
		1831052E1A18388D00F23002 /* ImagesTests.swift in Sources */ = {isa = PBXBuildFile; fileRef = 1831052D1A18388D00F23002 /* ImagesTests.swift */; };
		1831053C1A183A6600F23002 /* frame1.png in Resources */ = {isa = PBXBuildFile; fileRef = 183105371A183A6600F23002 /* frame1.png */; };
		1831053D1A183A6600F23002 /* frame2.png in Resources */ = {isa = PBXBuildFile; fileRef = 183105381A183A6600F23002 /* frame2.png */; };
		1831053E1A183A6600F23002 /* frame3.png in Resources */ = {isa = PBXBuildFile; fileRef = 183105391A183A6600F23002 /* frame3.png */; };
		183105421A1844FB00F23002 /* frame4.png in Resources */ = {isa = PBXBuildFile; fileRef = 183105411A1844FB00F23002 /* frame4.png */; };
		183105441A18450600F23002 /* frame5.png in Resources */ = {isa = PBXBuildFile; fileRef = 183105431A18450600F23002 /* frame5.png */; };
/* End PBXBuildFile section */

/* Begin PBXContainerItemProxy section */
		183105281A18388D00F23002 /* PBXContainerItemProxy */ = {
			isa = PBXContainerItemProxy;
			containerPortal = 1831050A1A18388D00F23002 /* Project object */;
			proxyType = 1;
			remoteGlobalIDString = 183105111A18388D00F23002;
			remoteInfo = Images;
		};
/* End PBXContainerItemProxy section */

/* Begin PBXFileReference section */
		183105121A18388D00F23002 /* Images.app */ = {isa = PBXFileReference; explicitFileType = wrapper.application; includeInIndex = 0; path = Images.app; sourceTree = BUILT_PRODUCTS_DIR; };
		183105161A18388D00F23002 /* Info.plist */ = {isa = PBXFileReference; lastKnownFileType = text.plist.xml; path = Info.plist; sourceTree = "<group>"; };
		183105171A18388D00F23002 /* AppDelegate.swift */ = {isa = PBXFileReference; lastKnownFileType = sourcecode.swift; path = AppDelegate.swift; sourceTree = "<group>"; };
		183105191A18388D00F23002 /* ViewController.swift */ = {isa = PBXFileReference; lastKnownFileType = sourcecode.swift; path = ViewController.swift; sourceTree = "<group>"; };
		1831051C1A18388D00F23002 /* Base */ = {isa = PBXFileReference; lastKnownFileType = file.storyboard; name = Base; path = Base.lproj/Main.storyboard; sourceTree = "<group>"; };
		1831051E1A18388D00F23002 /* Images.xcassets */ = {isa = PBXFileReference; lastKnownFileType = folder.assetcatalog; path = Images.xcassets; sourceTree = "<group>"; };
		183105211A18388D00F23002 /* Base */ = {isa = PBXFileReference; lastKnownFileType = file.xib; name = Base; path = Base.lproj/LaunchScreen.xib; sourceTree = "<group>"; };
		183105271A18388D00F23002 /* ImagesTests.xctest */ = {isa = PBXFileReference; explicitFileType = wrapper.cfbundle; includeInIndex = 0; path = ImagesTests.xctest; sourceTree = BUILT_PRODUCTS_DIR; };
		1831052C1A18388D00F23002 /* Info.plist */ = {isa = PBXFileReference; lastKnownFileType = text.plist.xml; path = Info.plist; sourceTree = "<group>"; };
		1831052D1A18388D00F23002 /* ImagesTests.swift */ = {isa = PBXFileReference; lastKnownFileType = sourcecode.swift; path = ImagesTests.swift; sourceTree = "<group>"; };
		183105371A183A6600F23002 /* frame1.png */ = {isa = PBXFileReference; lastKnownFileType = image.png; path = frame1.png; sourceTree = "<group>"; };
		183105381A183A6600F23002 /* frame2.png */ = {isa = PBXFileReference; lastKnownFileType = image.png; path = frame2.png; sourceTree = "<group>"; };
		183105391A183A6600F23002 /* frame3.png */ = {isa = PBXFileReference; lastKnownFileType = image.png; path = frame3.png; sourceTree = "<group>"; };
		183105411A1844FB00F23002 /* frame4.png */ = {isa = PBXFileReference; lastKnownFileType = image.png; path = frame4.png; sourceTree = "<group>"; };
		183105431A18450600F23002 /* frame5.png */ = {isa = PBXFileReference; lastKnownFileType = image.png; path = frame5.png; sourceTree = "<group>"; };
/* End PBXFileReference section */

/* Begin PBXFrameworksBuildPhase section */
		1831050F1A18388D00F23002 /* Frameworks */ = {
			isa = PBXFrameworksBuildPhase;
			buildActionMask = 2147483647;
			files = (
			);
			runOnlyForDeploymentPostprocessing = 0;
		};
		183105241A18388D00F23002 /* Frameworks */ = {
			isa = PBXFrameworksBuildPhase;
			buildActionMask = 2147483647;
			files = (
			);
			runOnlyForDeploymentPostprocessing = 0;
		};
/* End PBXFrameworksBuildPhase section */

/* Begin PBXGroup section */
		183105091A18388D00F23002 = {
			isa = PBXGroup;
			children = (
				183105141A18388D00F23002 /* Images */,
				1831052A1A18388D00F23002 /* ImagesTests */,
				183105131A18388D00F23002 /* Products */,
			);
			sourceTree = "<group>";
		};
		183105131A18388D00F23002 /* Products */ = {
			isa = PBXGroup;
			children = (
				183105121A18388D00F23002 /* Images.app */,
				183105271A18388D00F23002 /* ImagesTests.xctest */,
			);
			name = Products;
			sourceTree = "<group>";
		};
		183105141A18388D00F23002 /* Images */ = {
			isa = PBXGroup;
			children = (
				183105171A18388D00F23002 /* AppDelegate.swift */,
				183105191A18388D00F23002 /* ViewController.swift */,
				1831051B1A18388D00F23002 /* Main.storyboard */,
				183105371A183A6600F23002 /* frame1.png */,
				183105381A183A6600F23002 /* frame2.png */,
				183105391A183A6600F23002 /* frame3.png */,
				183105411A1844FB00F23002 /* frame4.png */,
				183105431A18450600F23002 /* frame5.png */,
				1831051E1A18388D00F23002 /* Images.xcassets */,
				183105201A18388D00F23002 /* LaunchScreen.xib */,
				183105151A18388D00F23002 /* Supporting Files */,
			);
			path = Images;
			sourceTree = "<group>";
		};
		183105151A18388D00F23002 /* Supporting Files */ = {
			isa = PBXGroup;
			children = (
				183105161A18388D00F23002 /* Info.plist */,
			);
			name = "Supporting Files";
			sourceTree = "<group>";
		};
		1831052A1A18388D00F23002 /* ImagesTests */ = {
			isa = PBXGroup;
			children = (
				1831052D1A18388D00F23002 /* ImagesTests.swift */,
				1831052B1A18388D00F23002 /* Supporting Files */,
			);
			path = ImagesTests;
			sourceTree = "<group>";
		};
		1831052B1A18388D00F23002 /* Supporting Files */ = {
			isa = PBXGroup;
			children = (
				1831052C1A18388D00F23002 /* Info.plist */,
			);
			name = "Supporting Files";
			sourceTree = "<group>";
		};
/* End PBXGroup section */

/* Begin PBXNativeTarget section */
		183105111A18388D00F23002 /* Images */ = {
			isa = PBXNativeTarget;
			buildConfigurationList = 183105311A18388D00F23002 /* Build configuration list for PBXNativeTarget "Images" */;
			buildPhases = (
				1831050E1A18388D00F23002 /* Sources */,
				1831050F1A18388D00F23002 /* Frameworks */,
				183105101A18388D00F23002 /* Resources */,
			);
			buildRules = (
			);
			dependencies = (
			);
			name = Images;
			productName = Images;
			productReference = 183105121A18388D00F23002 /* Images.app */;
			productType = "com.apple.product-type.application";
		};
		183105261A18388D00F23002 /* ImagesTests */ = {
			isa = PBXNativeTarget;
			buildConfigurationList = 183105341A18388D00F23002 /* Build configuration list for PBXNativeTarget "ImagesTests" */;
			buildPhases = (
				183105231A18388D00F23002 /* Sources */,
				183105241A18388D00F23002 /* Frameworks */,
				183105251A18388D00F23002 /* Resources */,
			);
			buildRules = (
			);
			dependencies = (
				183105291A18388D00F23002 /* PBXTargetDependency */,
			);
			name = ImagesTests;
			productName = ImagesTests;
			productReference = 183105271A18388D00F23002 /* ImagesTests.xctest */;
			productType = "com.apple.product-type.bundle.unit-test";
		};
/* End PBXNativeTarget section */

/* Begin PBXProject section */
		1831050A1A18388D00F23002 /* Project object */ = {
			isa = PBXProject;
			attributes = {
				LastUpgradeCheck = 0610;
				ORGANIZATIONNAME = Appfish;
				TargetAttributes = {
					183105111A18388D00F23002 = {
						CreatedOnToolsVersion = 6.1;
					};
					183105261A18388D00F23002 = {
						CreatedOnToolsVersion = 6.1;
						TestTargetID = 183105111A18388D00F23002;
					};
				};
			};
			buildConfigurationList = 1831050D1A18388D00F23002 /* Build configuration list for PBXProject "Images" */;
			compatibilityVersion = "Xcode 3.2";
			developmentRegion = English;
			hasScannedForEncodings = 0;
			knownRegions = (
				en,
				Base,
			);
			mainGroup = 183105091A18388D00F23002;
			productRefGroup = 183105131A18388D00F23002 /* Products */;
			projectDirPath = "";
			projectRoot = "";
			targets = (
				183105111A18388D00F23002 /* Images */,
				183105261A18388D00F23002 /* ImagesTests */,
			);
		};
/* End PBXProject section */

/* Begin PBXResourcesBuildPhase section */
		183105101A18388D00F23002 /* Resources */ = {
			isa = PBXResourcesBuildPhase;
			buildActionMask = 2147483647;
			files = (
				1831053D1A183A6600F23002 /* frame2.png in Resources */,
				1831053E1A183A6600F23002 /* frame3.png in Resources */,
				183105421A1844FB00F23002 /* frame4.png in Resources */,
				1831051D1A18388D00F23002 /* Main.storyboard in Resources */,
				1831053C1A183A6600F23002 /* frame1.png in Resources */,
				183105441A18450600F23002 /* frame5.png in Resources */,
				183105221A18388D00F23002 /* LaunchScreen.xib in Resources */,
				1831051F1A18388D00F23002 /* Images.xcassets in Resources */,
			);
			runOnlyForDeploymentPostprocessing = 0;
		};
		183105251A18388D00F23002 /* Resources */ = {
			isa = PBXResourcesBuildPhase;
			buildActionMask = 2147483647;
			files = (
			);
			runOnlyForDeploymentPostprocessing = 0;
		};
/* End PBXResourcesBuildPhase section */

/* Begin PBXSourcesBuildPhase section */
		1831050E1A18388D00F23002 /* Sources */ = {
			isa = PBXSourcesBuildPhase;
			buildActionMask = 2147483647;
			files = (
				1831051A1A18388D00F23002 /* ViewController.swift in Sources */,
				183105181A18388D00F23002 /* AppDelegate.swift in Sources */,
			);
			runOnlyForDeploymentPostprocessing = 0;
		};
		183105231A18388D00F23002 /* Sources */ = {
			isa = PBXSourcesBuildPhase;
			buildActionMask = 2147483647;
			files = (
				1831052E1A18388D00F23002 /* ImagesTests.swift in Sources */,
			);
			runOnlyForDeploymentPostprocessing = 0;
		};
/* End PBXSourcesBuildPhase section */

/* Begin PBXTargetDependency section */
		183105291A18388D00F23002 /* PBXTargetDependency */ = {
			isa = PBXTargetDependency;
			target = 183105111A18388D00F23002 /* Images */;
			targetProxy = 183105281A18388D00F23002 /* PBXContainerItemProxy */;
		};
/* End PBXTargetDependency section */

/* Begin PBXVariantGroup section */
		1831051B1A18388D00F23002 /* Main.storyboard */ = {
			isa = PBXVariantGroup;
			children = (
				1831051C1A18388D00F23002 /* Base */,
			);
			name = Main.storyboard;
			sourceTree = "<group>";
		};
		183105201A18388D00F23002 /* LaunchScreen.xib */ = {
			isa = PBXVariantGroup;
			children = (
				183105211A18388D00F23002 /* Base */,
			);
			name = LaunchScreen.xib;
			sourceTree = "<group>";
		};
/* End PBXVariantGroup section */

/* Begin XCBuildConfiguration section */
		1831052F1A18388D00F23002 /* Debug */ = {
			isa = XCBuildConfiguration;
			buildSettings = {
				ALWAYS_SEARCH_USER_PATHS = NO;
				CLANG_CXX_LANGUAGE_STANDARD = "gnu++0x";
				CLANG_CXX_LIBRARY = "libc++";
				CLANG_ENABLE_MODULES = YES;
				CLANG_ENABLE_OBJC_ARC = YES;
				CLANG_WARN_BOOL_CONVERSION = YES;
				CLANG_WARN_CONSTANT_CONVERSION = YES;
				CLANG_WARN_DIRECT_OBJC_ISA_USAGE = YES_ERROR;
				CLANG_WARN_EMPTY_BODY = YES;
				CLANG_WARN_ENUM_CONVERSION = YES;
				CLANG_WARN_INT_CONVERSION = YES;
				CLANG_WARN_OBJC_ROOT_CLASS = YES_ERROR;
				CLANG_WARN_UNREACHABLE_CODE = YES;
				CLANG_WARN__DUPLICATE_METHOD_MATCH = YES;
				"CODE_SIGN_IDENTITY[sdk=iphoneos*]" = "iPhone Developer";
				COPY_PHASE_STRIP = NO;
				ENABLE_STRICT_OBJC_MSGSEND = YES;
				GCC_C_LANGUAGE_STANDARD = gnu99;
				GCC_DYNAMIC_NO_PIC = NO;
				GCC_OPTIMIZATION_LEVEL = 0;
				GCC_PREPROCESSOR_DEFINITIONS = (
					"DEBUG=1",
					"$(inherited)",
				);
				GCC_SYMBOLS_PRIVATE_EXTERN = NO;
				GCC_WARN_64_TO_32_BIT_CONVERSION = YES;
				GCC_WARN_ABOUT_RETURN_TYPE = YES_ERROR;
				GCC_WARN_UNDECLARED_SELECTOR = YES;
				GCC_WARN_UNINITIALIZED_AUTOS = YES_AGGRESSIVE;
				GCC_WARN_UNUSED_FUNCTION = YES;
				GCC_WARN_UNUSED_VARIABLE = YES;
				IPHONEOS_DEPLOYMENT_TARGET = 8.1;
				MTL_ENABLE_DEBUG_INFO = YES;
				ONLY_ACTIVE_ARCH = YES;
				SDKROOT = iphoneos;
				SWIFT_OPTIMIZATION_LEVEL = "-Onone";
			};
			name = Debug;
		};
		183105301A18388D00F23002 /* Release */ = {
			isa = XCBuildConfiguration;
			buildSettings = {
				ALWAYS_SEARCH_USER_PATHS = NO;
				CLANG_CXX_LANGUAGE_STANDARD = "gnu++0x";
				CLANG_CXX_LIBRARY = "libc++";
				CLANG_ENABLE_MODULES = YES;
				CLANG_ENABLE_OBJC_ARC = YES;
				CLANG_WARN_BOOL_CONVERSION = YES;
				CLANG_WARN_CONSTANT_CONVERSION = YES;
				CLANG_WARN_DIRECT_OBJC_ISA_USAGE = YES_ERROR;
				CLANG_WARN_EMPTY_BODY = YES;
				CLANG_WARN_ENUM_CONVERSION = YES;
				CLANG_WARN_INT_CONVERSION = YES;
				CLANG_WARN_OBJC_ROOT_CLASS = YES_ERROR;
				CLANG_WARN_UNREACHABLE_CODE = YES;
				CLANG_WARN__DUPLICATE_METHOD_MATCH = YES;
				"CODE_SIGN_IDENTITY[sdk=iphoneos*]" = "iPhone Developer";
				COPY_PHASE_STRIP = YES;
				ENABLE_NS_ASSERTIONS = NO;
				ENABLE_STRICT_OBJC_MSGSEND = YES;
				GCC_C_LANGUAGE_STANDARD = gnu99;
				GCC_WARN_64_TO_32_BIT_CONVERSION = YES;
				GCC_WARN_ABOUT_RETURN_TYPE = YES_ERROR;
				GCC_WARN_UNDECLARED_SELECTOR = YES;
				GCC_WARN_UNINITIALIZED_AUTOS = YES_AGGRESSIVE;
				GCC_WARN_UNUSED_FUNCTION = YES;
				GCC_WARN_UNUSED_VARIABLE = YES;
				IPHONEOS_DEPLOYMENT_TARGET = 8.1;
				MTL_ENABLE_DEBUG_INFO = NO;
				SDKROOT = iphoneos;
				VALIDATE_PRODUCT = YES;
			};
			name = Release;
		};
		183105321A18388D00F23002 /* Debug */ = {
			isa = XCBuildConfiguration;
			buildSettings = {
				ASSETCATALOG_COMPILER_APPICON_NAME = AppIcon;
				INFOPLIST_FILE = Images/Info.plist;
				LD_RUNPATH_SEARCH_PATHS = "$(inherited) @executable_path/Frameworks";
				PRODUCT_NAME = "$(TARGET_NAME)";
			};
			name = Debug;
		};
		183105331A18388D00F23002 /* Release */ = {
			isa = XCBuildConfiguration;
			buildSettings = {
				ASSETCATALOG_COMPILER_APPICON_NAME = AppIcon;
				INFOPLIST_FILE = Images/Info.plist;
				LD_RUNPATH_SEARCH_PATHS = "$(inherited) @executable_path/Frameworks";
				PRODUCT_NAME = "$(TARGET_NAME)";
			};
			name = Release;
		};
		183105351A18388D00F23002 /* Debug */ = {
			isa = XCBuildConfiguration;
			buildSettings = {
				BUNDLE_LOADER = "$(TEST_HOST)";
				FRAMEWORK_SEARCH_PATHS = (
					"$(SDKROOT)/Developer/Library/Frameworks",
					"$(inherited)",
				);
				GCC_PREPROCESSOR_DEFINITIONS = (
					"DEBUG=1",
					"$(inherited)",
				);
				INFOPLIST_FILE = ImagesTests/Info.plist;
				LD_RUNPATH_SEARCH_PATHS = "$(inherited) @executable_path/Frameworks @loader_path/Frameworks";
				PRODUCT_NAME = "$(TARGET_NAME)";
				TEST_HOST = "$(BUILT_PRODUCTS_DIR)/Images.app/Images";
			};
			name = Debug;
		};
		183105361A18388D00F23002 /* Release */ = {
			isa = XCBuildConfiguration;
			buildSettings = {
				BUNDLE_LOADER = "$(TEST_HOST)";
				FRAMEWORK_SEARCH_PATHS = (
					"$(SDKROOT)/Developer/Library/Frameworks",
					"$(inherited)",
				);
				INFOPLIST_FILE = ImagesTests/Info.plist;
				LD_RUNPATH_SEARCH_PATHS = "$(inherited) @executable_path/Frameworks @loader_path/Frameworks";
				PRODUCT_NAME = "$(TARGET_NAME)";
				TEST_HOST = "$(BUILT_PRODUCTS_DIR)/Images.app/Images";
			};
			name = Release;
		};
/* End XCBuildConfiguration section */

/* Begin XCConfigurationList section */
		1831050D1A18388D00F23002 /* Build configuration list for PBXProject "Images" */ = {
			isa = XCConfigurationList;
			buildConfigurations = (
				1831052F1A18388D00F23002 /* Debug */,
				183105301A18388D00F23002 /* Release */,
			);
			defaultConfigurationIsVisible = 0;
			defaultConfigurationName = Release;
		};
		183105311A18388D00F23002 /* Build configuration list for PBXNativeTarget "Images" */ = {
			isa = XCConfigurationList;
			buildConfigurations = (
				183105321A18388D00F23002 /* Debug */,
				183105331A18388D00F23002 /* Release */,
			);
			defaultConfigurationIsVisible = 0;
			defaultConfigurationName = Release;
		};
		183105341A18388D00F23002 /* Build configuration list for PBXNativeTarget "ImagesTests" */ = {
			isa = XCConfigurationList;
			buildConfigurations = (
				183105351A18388D00F23002 /* Debug */,
				183105361A18388D00F23002 /* Release */,
			);
			defaultConfigurationIsVisible = 0;
			defaultConfigurationName = Release;
		};
/* End XCConfigurationList section */
	};
	rootObject = 1831050A1A18388D00F23002 /* Project object */;
}
