// !$*UTF8*$!
{
	archiveVersion = 1;
	classes = {
	};
	objectVersion = 46;
	objects = {

/* Begin PBXBuildFile section */
		180560C419EA2854001E9FF1 /* AppDelegate.swift in Sources */ = {isa = PBXBuildFile; fileRef = 180560C319EA2854001E9FF1 /* AppDelegate.swift */; };
		180560C619EA2854001E9FF1 /* ViewController.swift in Sources */ = {isa = PBXBuildFile; fileRef = 180560C519EA2854001E9FF1 /* ViewController.swift */; };
		180560C919EA2854001E9FF1 /* Main.storyboard in Resources */ = {isa = PBXBuildFile; fileRef = 180560C719EA2854001E9FF1 /* Main.storyboard */; };
		180560CB19EA2854001E9FF1 /* Images.xcassets in Resources */ = {isa = PBXBuildFile; fileRef = 180560CA19EA2854001E9FF1 /* Images.xcassets */; };
		180560CE19EA2854001E9FF1 /* LaunchScreen.xib in Resources */ = {isa = PBXBuildFile; fileRef = 180560CC19EA2854001E9FF1 /* LaunchScreen.xib */; };
		180560DA19EA2855001E9FF1 /* Is_It_Prime_Tests.swift in Sources */ = {isa = PBXBuildFile; fileRef = 180560D919EA2855001E9FF1 /* Is_It_Prime_Tests.swift */; };
/* End PBXBuildFile section */

/* Begin PBXContainerItemProxy section */
		180560D419EA2855001E9FF1 /* PBXContainerItemProxy */ = {
			isa = PBXContainerItemProxy;
			containerPortal = 180560B619EA2854001E9FF1 /* Project object */;
			proxyType = 1;
			remoteGlobalIDString = 180560BD19EA2854001E9FF1;
			remoteInfo = "Is It Prime?";
		};
/* End PBXContainerItemProxy section */

/* Begin PBXFileReference section */
		180560BE19EA2854001E9FF1 /* Is It Prime?.app */ = {isa = PBXFileReference; explicitFileType = wrapper.application; includeInIndex = 0; path = "Is It Prime?.app"; sourceTree = BUILT_PRODUCTS_DIR; };
		180560C219EA2854001E9FF1 /* Info.plist */ = {isa = PBXFileReference; lastKnownFileType = text.plist.xml; path = Info.plist; sourceTree = "<group>"; };
		180560C319EA2854001E9FF1 /* AppDelegate.swift */ = {isa = PBXFileReference; lastKnownFileType = sourcecode.swift; path = AppDelegate.swift; sourceTree = "<group>"; };
		180560C519EA2854001E9FF1 /* ViewController.swift */ = {isa = PBXFileReference; lastKnownFileType = sourcecode.swift; path = ViewController.swift; sourceTree = "<group>"; };
		180560C819EA2854001E9FF1 /* Base */ = {isa = PBXFileReference; lastKnownFileType = file.storyboard; name = Base; path = Base.lproj/Main.storyboard; sourceTree = "<group>"; };
		180560CA19EA2854001E9FF1 /* Images.xcassets */ = {isa = PBXFileReference; lastKnownFileType = folder.assetcatalog; path = Images.xcassets; sourceTree = "<group>"; };
		180560CD19EA2854001E9FF1 /* Base */ = {isa = PBXFileReference; lastKnownFileType = file.xib; name = Base; path = Base.lproj/LaunchScreen.xib; sourceTree = "<group>"; };
		180560D319EA2855001E9FF1 /* Is It Prime?Tests.xctest */ = {isa = PBXFileReference; explicitFileType = wrapper.cfbundle; includeInIndex = 0; path = "Is It Prime?Tests.xctest"; sourceTree = BUILT_PRODUCTS_DIR; };
		180560D819EA2855001E9FF1 /* Info.plist */ = {isa = PBXFileReference; lastKnownFileType = text.plist.xml; path = Info.plist; sourceTree = "<group>"; };
		180560D919EA2855001E9FF1 /* Is_It_Prime_Tests.swift */ = {isa = PBXFileReference; lastKnownFileType = sourcecode.swift; path = Is_It_Prime_Tests.swift; sourceTree = "<group>"; };
/* End PBXFileReference section */

/* Begin PBXFrameworksBuildPhase section */
		180560BB19EA2854001E9FF1 /* Frameworks */ = {
			isa = PBXFrameworksBuildPhase;
			buildActionMask = 2147483647;
			files = (
			);
			runOnlyForDeploymentPostprocessing = 0;
		};
		180560D019EA2855001E9FF1 /* Frameworks */ = {
			isa = PBXFrameworksBuildPhase;
			buildActionMask = 2147483647;
			files = (
			);
			runOnlyForDeploymentPostprocessing = 0;
		};
/* End PBXFrameworksBuildPhase section */

/* Begin PBXGroup section */
		180560B519EA2854001E9FF1 = {
			isa = PBXGroup;
			children = (
				180560C019EA2854001E9FF1 /* Is It Prime? */,
				180560D619EA2855001E9FF1 /* Is It Prime?Tests */,
				180560BF19EA2854001E9FF1 /* Products */,
			);
			sourceTree = "<group>";
		};
		180560BF19EA2854001E9FF1 /* Products */ = {
			isa = PBXGroup;
			children = (
				180560BE19EA2854001E9FF1 /* Is It Prime?.app */,
				180560D319EA2855001E9FF1 /* Is It Prime?Tests.xctest */,
			);
			name = Products;
			sourceTree = "<group>";
		};
		180560C019EA2854001E9FF1 /* Is It Prime? */ = {
			isa = PBXGroup;
			children = (
				180560C319EA2854001E9FF1 /* AppDelegate.swift */,
				180560C519EA2854001E9FF1 /* ViewController.swift */,
				180560C719EA2854001E9FF1 /* Main.storyboard */,
				180560CA19EA2854001E9FF1 /* Images.xcassets */,
				180560CC19EA2854001E9FF1 /* LaunchScreen.xib */,
				180560C119EA2854001E9FF1 /* Supporting Files */,
			);
			path = "Is It Prime?";
			sourceTree = "<group>";
		};
		180560C119EA2854001E9FF1 /* Supporting Files */ = {
			isa = PBXGroup;
			children = (
				180560C219EA2854001E9FF1 /* Info.plist */,
			);
			name = "Supporting Files";
			sourceTree = "<group>";
		};
		180560D619EA2855001E9FF1 /* Is It Prime?Tests */ = {
			isa = PBXGroup;
			children = (
				180560D919EA2855001E9FF1 /* Is_It_Prime_Tests.swift */,
				180560D719EA2855001E9FF1 /* Supporting Files */,
			);
			path = "Is It Prime?Tests";
			sourceTree = "<group>";
		};
		180560D719EA2855001E9FF1 /* Supporting Files */ = {
			isa = PBXGroup;
			children = (
				180560D819EA2855001E9FF1 /* Info.plist */,
			);
			name = "Supporting Files";
			sourceTree = "<group>";
		};
/* End PBXGroup section */

/* Begin PBXNativeTarget section */
		180560BD19EA2854001E9FF1 /* Is It Prime? */ = {
			isa = PBXNativeTarget;
			buildConfigurationList = 180560DD19EA2855001E9FF1 /* Build configuration list for PBXNativeTarget "Is It Prime?" */;
			buildPhases = (
				180560BA19EA2854001E9FF1 /* Sources */,
				180560BB19EA2854001E9FF1 /* Frameworks */,
				180560BC19EA2854001E9FF1 /* Resources */,
			);
			buildRules = (
			);
			dependencies = (
			);
			name = "Is It Prime?";
			productName = "Is It Prime?";
			productReference = 180560BE19EA2854001E9FF1 /* Is It Prime?.app */;
			productType = "com.apple.product-type.application";
		};
		180560D219EA2855001E9FF1 /* Is It Prime?Tests */ = {
			isa = PBXNativeTarget;
			buildConfigurationList = 180560E019EA2855001E9FF1 /* Build configuration list for PBXNativeTarget "Is It Prime?Tests" */;
			buildPhases = (
				180560CF19EA2855001E9FF1 /* Sources */,
				180560D019EA2855001E9FF1 /* Frameworks */,
				180560D119EA2855001E9FF1 /* Resources */,
			);
			buildRules = (
			);
			dependencies = (
				180560D519EA2855001E9FF1 /* PBXTargetDependency */,
			);
			name = "Is It Prime?Tests";
			productName = "Is It Prime?Tests";
			productReference = 180560D319EA2855001E9FF1 /* Is It Prime?Tests.xctest */;
			productType = "com.apple.product-type.bundle.unit-test";
		};
/* End PBXNativeTarget section */

/* Begin PBXProject section */
		180560B619EA2854001E9FF1 /* Project object */ = {
			isa = PBXProject;
			attributes = {
				LastUpgradeCheck = 0600;
				ORGANIZATIONNAME = Appfish;
				TargetAttributes = {
					180560BD19EA2854001E9FF1 = {
						CreatedOnToolsVersion = 6.0.1;
					};
					180560D219EA2855001E9FF1 = {
						CreatedOnToolsVersion = 6.0.1;
						TestTargetID = 180560BD19EA2854001E9FF1;
					};
				};
			};
			buildConfigurationList = 180560B919EA2854001E9FF1 /* Build configuration list for PBXProject "Is It Prime?" */;
			compatibilityVersion = "Xcode 3.2";
			developmentRegion = English;
			hasScannedForEncodings = 0;
			knownRegions = (
				en,
				Base,
			);
			mainGroup = 180560B519EA2854001E9FF1;
			productRefGroup = 180560BF19EA2854001E9FF1 /* Products */;
			projectDirPath = "";
			projectRoot = "";
			targets = (
				180560BD19EA2854001E9FF1 /* Is It Prime? */,
				180560D219EA2855001E9FF1 /* Is It Prime?Tests */,
			);
		};
/* End PBXProject section */

/* Begin PBXResourcesBuildPhase section */
		180560BC19EA2854001E9FF1 /* Resources */ = {
			isa = PBXResourcesBuildPhase;
			buildActionMask = 2147483647;
			files = (
				180560C919EA2854001E9FF1 /* Main.storyboard in Resources */,
				180560CE19EA2854001E9FF1 /* LaunchScreen.xib in Resources */,
				180560CB19EA2854001E9FF1 /* Images.xcassets in Resources */,
			);
			runOnlyForDeploymentPostprocessing = 0;
		};
		180560D119EA2855001E9FF1 /* Resources */ = {
			isa = PBXResourcesBuildPhase;
			buildActionMask = 2147483647;
			files = (
			);
			runOnlyForDeploymentPostprocessing = 0;
		};
/* End PBXResourcesBuildPhase section */

/* Begin PBXSourcesBuildPhase section */
		180560BA19EA2854001E9FF1 /* Sources */ = {
			isa = PBXSourcesBuildPhase;
			buildActionMask = 2147483647;
			files = (
				180560C619EA2854001E9FF1 /* ViewController.swift in Sources */,
				180560C419EA2854001E9FF1 /* AppDelegate.swift in Sources */,
			);
			runOnlyForDeploymentPostprocessing = 0;
		};
		180560CF19EA2855001E9FF1 /* Sources */ = {
			isa = PBXSourcesBuildPhase;
			buildActionMask = 2147483647;
			files = (
				180560DA19EA2855001E9FF1 /* Is_It_Prime_Tests.swift in Sources */,
			);
			runOnlyForDeploymentPostprocessing = 0;
		};
/* End PBXSourcesBuildPhase section */

/* Begin PBXTargetDependency section */
		180560D519EA2855001E9FF1 /* PBXTargetDependency */ = {
			isa = PBXTargetDependency;
			target = 180560BD19EA2854001E9FF1 /* Is It Prime? */;
			targetProxy = 180560D419EA2855001E9FF1 /* PBXContainerItemProxy */;
		};
/* End PBXTargetDependency section */

/* Begin PBXVariantGroup section */
		180560C719EA2854001E9FF1 /* Main.storyboard */ = {
			isa = PBXVariantGroup;
			children = (
				180560C819EA2854001E9FF1 /* Base */,
			);
			name = Main.storyboard;
			sourceTree = "<group>";
		};
		180560CC19EA2854001E9FF1 /* LaunchScreen.xib */ = {
			isa = PBXVariantGroup;
			children = (
				180560CD19EA2854001E9FF1 /* Base */,
			);
			name = LaunchScreen.xib;
			sourceTree = "<group>";
		};
/* End PBXVariantGroup section */

/* Begin XCBuildConfiguration section */
		180560DB19EA2855001E9FF1 /* Debug */ = {
			isa = XCBuildConfiguration;
			buildSettings = {
				ALWAYS_SEARCH_USER_PATHS = NO;
				CLANG_CXX_LANGUAGE_STANDARD = "gnu++0x";
				CLANG_CXX_LIBRARY = "libc++";
				CLANG_ENABLE_MODULES = YES;
				CLANG_ENABLE_OBJC_ARC = YES;
				CLANG_WARN_BOOL_CONVERSION = YES;
				CLANG_WARN_CONSTANT_CONVERSION = YES;
				CLANG_WARN_DIRECT_OBJC_ISA_USAGE = YES_ERROR;
				CLANG_WARN_EMPTY_BODY = YES;
				CLANG_WARN_ENUM_CONVERSION = YES;
				CLANG_WARN_INT_CONVERSION = YES;
				CLANG_WARN_OBJC_ROOT_CLASS = YES_ERROR;
				CLANG_WARN_UNREACHABLE_CODE = YES;
				CLANG_WARN__DUPLICATE_METHOD_MATCH = YES;
				"CODE_SIGN_IDENTITY[sdk=iphoneos*]" = "iPhone Developer";
				COPY_PHASE_STRIP = NO;
				ENABLE_STRICT_OBJC_MSGSEND = YES;
				GCC_C_LANGUAGE_STANDARD = gnu99;
				GCC_DYNAMIC_NO_PIC = NO;
				GCC_OPTIMIZATION_LEVEL = 0;
				GCC_PREPROCESSOR_DEFINITIONS = (
					"DEBUG=1",
					"$(inherited)",
				);
				GCC_SYMBOLS_PRIVATE_EXTERN = NO;
				GCC_WARN_64_TO_32_BIT_CONVERSION = YES;
				GCC_WARN_ABOUT_RETURN_TYPE = YES_ERROR;
				GCC_WARN_UNDECLARED_SELECTOR = YES;
				GCC_WARN_UNINITIALIZED_AUTOS = YES_AGGRESSIVE;
				GCC_WARN_UNUSED_FUNCTION = YES;
				GCC_WARN_UNUSED_VARIABLE = YES;
				IPHONEOS_DEPLOYMENT_TARGET = 8.0;
				MTL_ENABLE_DEBUG_INFO = YES;
				ONLY_ACTIVE_ARCH = YES;
				SDKROOT = iphoneos;
				SWIFT_OPTIMIZATION_LEVEL = "-Onone";
			};
			name = Debug;
		};
		180560DC19EA2855001E9FF1 /* Release */ = {
			isa = XCBuildConfiguration;
			buildSettings = {
				ALWAYS_SEARCH_USER_PATHS = NO;
				CLANG_CXX_LANGUAGE_STANDARD = "gnu++0x";
				CLANG_CXX_LIBRARY = "libc++";
				CLANG_ENABLE_MODULES = YES;
				CLANG_ENABLE_OBJC_ARC = YES;
				CLANG_WARN_BOOL_CONVERSION = YES;
				CLANG_WARN_CONSTANT_CONVERSION = YES;
				CLANG_WARN_DIRECT_OBJC_ISA_USAGE = YES_ERROR;
				CLANG_WARN_EMPTY_BODY = YES;
				CLANG_WARN_ENUM_CONVERSION = YES;
				CLANG_WARN_INT_CONVERSION = YES;
				CLANG_WARN_OBJC_ROOT_CLASS = YES_ERROR;
				CLANG_WARN_UNREACHABLE_CODE = YES;
				CLANG_WARN__DUPLICATE_METHOD_MATCH = YES;
				"CODE_SIGN_IDENTITY[sdk=iphoneos*]" = "iPhone Developer";
				COPY_PHASE_STRIP = YES;
				ENABLE_NS_ASSERTIONS = NO;
				ENABLE_STRICT_OBJC_MSGSEND = YES;
				GCC_C_LANGUAGE_STANDARD = gnu99;
				GCC_WARN_64_TO_32_BIT_CONVERSION = YES;
				GCC_WARN_ABOUT_RETURN_TYPE = YES_ERROR;
				GCC_WARN_UNDECLARED_SELECTOR = YES;
				GCC_WARN_UNINITIALIZED_AUTOS = YES_AGGRESSIVE;
				GCC_WARN_UNUSED_FUNCTION = YES;
				GCC_WARN_UNUSED_VARIABLE = YES;
				IPHONEOS_DEPLOYMENT_TARGET = 8.0;
				MTL_ENABLE_DEBUG_INFO = NO;
				SDKROOT = iphoneos;
				VALIDATE_PRODUCT = YES;
			};
			name = Release;
		};
		180560DE19EA2855001E9FF1 /* Debug */ = {
			isa = XCBuildConfiguration;
			buildSettings = {
				ASSETCATALOG_COMPILER_APPICON_NAME = AppIcon;
				INFOPLIST_FILE = "Is It Prime?/Info.plist";
				LD_RUNPATH_SEARCH_PATHS = "$(inherited) @executable_path/Frameworks";
				PRODUCT_NAME = "$(TARGET_NAME)";
			};
			name = Debug;
		};
		180560DF19EA2855001E9FF1 /* Release */ = {
			isa = XCBuildConfiguration;
			buildSettings = {
				ASSETCATALOG_COMPILER_APPICON_NAME = AppIcon;
				INFOPLIST_FILE = "Is It Prime?/Info.plist";
				LD_RUNPATH_SEARCH_PATHS = "$(inherited) @executable_path/Frameworks";
				PRODUCT_NAME = "$(TARGET_NAME)";
			};
			name = Release;
		};
		180560E119EA2855001E9FF1 /* Debug */ = {
			isa = XCBuildConfiguration;
			buildSettings = {
				BUNDLE_LOADER = "$(TEST_HOST)";
				FRAMEWORK_SEARCH_PATHS = (
					"$(SDKROOT)/Developer/Library/Frameworks",
					"$(inherited)",
				);
				GCC_PREPROCESSOR_DEFINITIONS = (
					"DEBUG=1",
					"$(inherited)",
				);
				INFOPLIST_FILE = "Is It Prime?Tests/Info.plist";
				LD_RUNPATH_SEARCH_PATHS = "$(inherited) @executable_path/Frameworks @loader_path/Frameworks";
				PRODUCT_NAME = "$(TARGET_NAME)";
				TEST_HOST = "$(BUILT_PRODUCTS_DIR)/Is It Prime?.app/Is It Prime?";
			};
			name = Debug;
		};
		180560E219EA2855001E9FF1 /* Release */ = {
			isa = XCBuildConfiguration;
			buildSettings = {
				BUNDLE_LOADER = "$(TEST_HOST)";
				FRAMEWORK_SEARCH_PATHS = (
					"$(SDKROOT)/Developer/Library/Frameworks",
					"$(inherited)",
				);
				INFOPLIST_FILE = "Is It Prime?Tests/Info.plist";
				LD_RUNPATH_SEARCH_PATHS = "$(inherited) @executable_path/Frameworks @loader_path/Frameworks";
				PRODUCT_NAME = "$(TARGET_NAME)";
				TEST_HOST = "$(BUILT_PRODUCTS_DIR)/Is It Prime?.app/Is It Prime?";
			};
			name = Release;
		};
/* End XCBuildConfiguration section */

/* Begin XCConfigurationList section */
		180560B919EA2854001E9FF1 /* Build configuration list for PBXProject "Is It Prime?" */ = {
			isa = XCConfigurationList;
			buildConfigurations = (
				180560DB19EA2855001E9FF1 /* Debug */,
				180560DC19EA2855001E9FF1 /* Release */,
			);
			defaultConfigurationIsVisible = 0;
			defaultConfigurationName = Release;
		};
		180560DD19EA2855001E9FF1 /* Build configuration list for PBXNativeTarget "Is It Prime?" */ = {
			isa = XCConfigurationList;
			buildConfigurations = (
				180560DE19EA2855001E9FF1 /* Debug */,
				180560DF19EA2855001E9FF1 /* Release */,
			);
			defaultConfigurationIsVisible = 0;
		};
		180560E019EA2855001E9FF1 /* Build configuration list for PBXNativeTarget "Is It Prime?Tests" */ = {
			isa = XCConfigurationList;
			buildConfigurations = (
				180560E119EA2855001E9FF1 /* Debug */,
				180560E219EA2855001E9FF1 /* Release */,
			);
			defaultConfigurationIsVisible = 0;
		};
/* End XCConfigurationList section */
	};
	rootObject = 180560B619EA2854001E9FF1 /* Project object */;
}
