// !$*UTF8*$!
{
	archiveVersion = 1;
	classes = {
	};
	objectVersion = 46;
	objects = {

/* Begin PBXBuildFile section */
		184A90AD1A3FFAE300A01CF9 /* AppDelegate.swift in Sources */ = {isa = PBXBuildFile; fileRef = 184A90AC1A3FFAE300A01CF9 /* AppDelegate.swift */; };
		184A90AF1A3FFAE300A01CF9 /* ViewController.swift in Sources */ = {isa = PBXBuildFile; fileRef = 184A90AE1A3FFAE300A01CF9 /* ViewController.swift */; };
		184A90B21A3FFAE300A01CF9 /* Main.storyboard in Resources */ = {isa = PBXBuildFile; fileRef = 184A90B01A3FFAE300A01CF9 /* Main.storyboard */; };
		184A90B41A3FFAE300A01CF9 /* Images.xcassets in Resources */ = {isa = PBXBuildFile; fileRef = 184A90B31A3FFAE300A01CF9 /* Images.xcassets */; };
		184A90B71A3FFAE300A01CF9 /* LaunchScreen.xib in Resources */ = {isa = PBXBuildFile; fileRef = 184A90B51A3FFAE300A01CF9 /* LaunchScreen.xib */; };
		184A90C31A3FFAE300A01CF9 /* Where_Am_ITests.swift in Sources */ = {isa = PBXBuildFile; fileRef = 184A90C21A3FFAE300A01CF9 /* Where_Am_ITests.swift */; };
		184A90CD1A3FFB1D00A01CF9 /* CoreLocation.framework in Frameworks */ = {isa = PBXBuildFile; fileRef = 184A90CC1A3FFB1D00A01CF9 /* CoreLocation.framework */; };
		184A90CF1A3FFB2900A01CF9 /* MapKit.framework in Frameworks */ = {isa = PBXBuildFile; fileRef = 184A90CE1A3FFB2900A01CF9 /* MapKit.framework */; };
/* End PBXBuildFile section */

/* Begin PBXContainerItemProxy section */
		184A90BD1A3FFAE300A01CF9 /* PBXContainerItemProxy */ = {
			isa = PBXContainerItemProxy;
			containerPortal = 184A909F1A3FFAE300A01CF9 /* Project object */;
			proxyType = 1;
			remoteGlobalIDString = 184A90A61A3FFAE300A01CF9;
			remoteInfo = "Where Am I";
		};
/* End PBXContainerItemProxy section */

/* Begin PBXFileReference section */
		184A90A71A3FFAE300A01CF9 /* Where Am I.app */ = {isa = PBXFileReference; explicitFileType = wrapper.application; includeInIndex = 0; path = "Where Am I.app"; sourceTree = BUILT_PRODUCTS_DIR; };
		184A90AB1A3FFAE300A01CF9 /* Info.plist */ = {isa = PBXFileReference; lastKnownFileType = text.plist.xml; path = Info.plist; sourceTree = "<group>"; };
		184A90AC1A3FFAE300A01CF9 /* AppDelegate.swift */ = {isa = PBXFileReference; lastKnownFileType = sourcecode.swift; path = AppDelegate.swift; sourceTree = "<group>"; };
		184A90AE1A3FFAE300A01CF9 /* ViewController.swift */ = {isa = PBXFileReference; lastKnownFileType = sourcecode.swift; path = ViewController.swift; sourceTree = "<group>"; };
		184A90B11A3FFAE300A01CF9 /* Base */ = {isa = PBXFileReference; lastKnownFileType = file.storyboard; name = Base; path = Base.lproj/Main.storyboard; sourceTree = "<group>"; };
		184A90B31A3FFAE300A01CF9 /* Images.xcassets */ = {isa = PBXFileReference; lastKnownFileType = folder.assetcatalog; path = Images.xcassets; sourceTree = "<group>"; };
		184A90B61A3FFAE300A01CF9 /* Base */ = {isa = PBXFileReference; lastKnownFileType = file.xib; name = Base; path = Base.lproj/LaunchScreen.xib; sourceTree = "<group>"; };
		184A90BC1A3FFAE300A01CF9 /* Where Am ITests.xctest */ = {isa = PBXFileReference; explicitFileType = wrapper.cfbundle; includeInIndex = 0; path = "Where Am ITests.xctest"; sourceTree = BUILT_PRODUCTS_DIR; };
		184A90C11A3FFAE300A01CF9 /* Info.plist */ = {isa = PBXFileReference; lastKnownFileType = text.plist.xml; path = Info.plist; sourceTree = "<group>"; };
		184A90C21A3FFAE300A01CF9 /* Where_Am_ITests.swift */ = {isa = PBXFileReference; lastKnownFileType = sourcecode.swift; path = Where_Am_ITests.swift; sourceTree = "<group>"; };
		184A90CC1A3FFB1D00A01CF9 /* CoreLocation.framework */ = {isa = PBXFileReference; lastKnownFileType = wrapper.framework; name = CoreLocation.framework; path = System/Library/Frameworks/CoreLocation.framework; sourceTree = SDKROOT; };
		184A90CE1A3FFB2900A01CF9 /* MapKit.framework */ = {isa = PBXFileReference; lastKnownFileType = wrapper.framework; name = MapKit.framework; path = System/Library/Frameworks/MapKit.framework; sourceTree = SDKROOT; };
/* End PBXFileReference section */

/* Begin PBXFrameworksBuildPhase section */
		184A90A41A3FFAE300A01CF9 /* Frameworks */ = {
			isa = PBXFrameworksBuildPhase;
			buildActionMask = 2147483647;
			files = (
				184A90CF1A3FFB2900A01CF9 /* MapKit.framework in Frameworks */,
				184A90CD1A3FFB1D00A01CF9 /* CoreLocation.framework in Frameworks */,
			);
			runOnlyForDeploymentPostprocessing = 0;
		};
		184A90B91A3FFAE300A01CF9 /* Frameworks */ = {
			isa = PBXFrameworksBuildPhase;
			buildActionMask = 2147483647;
			files = (
			);
			runOnlyForDeploymentPostprocessing = 0;
		};
/* End PBXFrameworksBuildPhase section */

/* Begin PBXGroup section */
		184A909E1A3FFAE300A01CF9 = {
			isa = PBXGroup;
			children = (
				184A90CE1A3FFB2900A01CF9 /* MapKit.framework */,
				184A90CC1A3FFB1D00A01CF9 /* CoreLocation.framework */,
				184A90A91A3FFAE300A01CF9 /* Where Am I */,
				184A90BF1A3FFAE300A01CF9 /* Where Am ITests */,
				184A90A81A3FFAE300A01CF9 /* Products */,
			);
			sourceTree = "<group>";
		};
		184A90A81A3FFAE300A01CF9 /* Products */ = {
			isa = PBXGroup;
			children = (
				184A90A71A3FFAE300A01CF9 /* Where Am I.app */,
				184A90BC1A3FFAE300A01CF9 /* Where Am ITests.xctest */,
			);
			name = Products;
			sourceTree = "<group>";
		};
		184A90A91A3FFAE300A01CF9 /* Where Am I */ = {
			isa = PBXGroup;
			children = (
				184A90AC1A3FFAE300A01CF9 /* AppDelegate.swift */,
				184A90AE1A3FFAE300A01CF9 /* ViewController.swift */,
				184A90B01A3FFAE300A01CF9 /* Main.storyboard */,
				184A90B31A3FFAE300A01CF9 /* Images.xcassets */,
				184A90B51A3FFAE300A01CF9 /* LaunchScreen.xib */,
				184A90AA1A3FFAE300A01CF9 /* Supporting Files */,
			);
			path = "Where Am I";
			sourceTree = "<group>";
		};
		184A90AA1A3FFAE300A01CF9 /* Supporting Files */ = {
			isa = PBXGroup;
			children = (
				184A90AB1A3FFAE300A01CF9 /* Info.plist */,
			);
			name = "Supporting Files";
			sourceTree = "<group>";
		};
		184A90BF1A3FFAE300A01CF9 /* Where Am ITests */ = {
			isa = PBXGroup;
			children = (
				184A90C21A3FFAE300A01CF9 /* Where_Am_ITests.swift */,
				184A90C01A3FFAE300A01CF9 /* Supporting Files */,
			);
			path = "Where Am ITests";
			sourceTree = "<group>";
		};
		184A90C01A3FFAE300A01CF9 /* Supporting Files */ = {
			isa = PBXGroup;
			children = (
				184A90C11A3FFAE300A01CF9 /* Info.plist */,
			);
			name = "Supporting Files";
			sourceTree = "<group>";
		};
/* End PBXGroup section */

/* Begin PBXNativeTarget section */
		184A90A61A3FFAE300A01CF9 /* Where Am I */ = {
			isa = PBXNativeTarget;
			buildConfigurationList = 184A90C61A3FFAE300A01CF9 /* Build configuration list for PBXNativeTarget "Where Am I" */;
			buildPhases = (
				184A90A31A3FFAE300A01CF9 /* Sources */,
				184A90A41A3FFAE300A01CF9 /* Frameworks */,
				184A90A51A3FFAE300A01CF9 /* Resources */,
			);
			buildRules = (
			);
			dependencies = (
			);
			name = "Where Am I";
			productName = "Where Am I";
			productReference = 184A90A71A3FFAE300A01CF9 /* Where Am I.app */;
			productType = "com.apple.product-type.application";
		};
		184A90BB1A3FFAE300A01CF9 /* Where Am ITests */ = {
			isa = PBXNativeTarget;
			buildConfigurationList = 184A90C91A3FFAE300A01CF9 /* Build configuration list for PBXNativeTarget "Where Am ITests" */;
			buildPhases = (
				184A90B81A3FFAE300A01CF9 /* Sources */,
				184A90B91A3FFAE300A01CF9 /* Frameworks */,
				184A90BA1A3FFAE300A01CF9 /* Resources */,
			);
			buildRules = (
			);
			dependencies = (
				184A90BE1A3FFAE300A01CF9 /* PBXTargetDependency */,
			);
			name = "Where Am ITests";
			productName = "Where Am ITests";
			productReference = 184A90BC1A3FFAE300A01CF9 /* Where Am ITests.xctest */;
			productType = "com.apple.product-type.bundle.unit-test";
		};
/* End PBXNativeTarget section */

/* Begin PBXProject section */
		184A909F1A3FFAE300A01CF9 /* Project object */ = {
			isa = PBXProject;
			attributes = {
				LastUpgradeCheck = 0610;
				ORGANIZATIONNAME = Appfish;
				TargetAttributes = {
					184A90A61A3FFAE300A01CF9 = {
						CreatedOnToolsVersion = 6.1.1;
					};
					184A90BB1A3FFAE300A01CF9 = {
						CreatedOnToolsVersion = 6.1.1;
						TestTargetID = 184A90A61A3FFAE300A01CF9;
					};
				};
			};
			buildConfigurationList = 184A90A21A3FFAE300A01CF9 /* Build configuration list for PBXProject "Where Am I" */;
			compatibilityVersion = "Xcode 3.2";
			developmentRegion = English;
			hasScannedForEncodings = 0;
			knownRegions = (
				en,
				Base,
			);
			mainGroup = 184A909E1A3FFAE300A01CF9;
			productRefGroup = 184A90A81A3FFAE300A01CF9 /* Products */;
			projectDirPath = "";
			projectRoot = "";
			targets = (
				184A90A61A3FFAE300A01CF9 /* Where Am I */,
				184A90BB1A3FFAE300A01CF9 /* Where Am ITests */,
			);
		};
/* End PBXProject section */

/* Begin PBXResourcesBuildPhase section */
		184A90A51A3FFAE300A01CF9 /* Resources */ = {
			isa = PBXResourcesBuildPhase;
			buildActionMask = 2147483647;
			files = (
				184A90B21A3FFAE300A01CF9 /* Main.storyboard in Resources */,
				184A90B71A3FFAE300A01CF9 /* LaunchScreen.xib in Resources */,
				184A90B41A3FFAE300A01CF9 /* Images.xcassets in Resources */,
			);
			runOnlyForDeploymentPostprocessing = 0;
		};
		184A90BA1A3FFAE300A01CF9 /* Resources */ = {
			isa = PBXResourcesBuildPhase;
			buildActionMask = 2147483647;
			files = (
			);
			runOnlyForDeploymentPostprocessing = 0;
		};
/* End PBXResourcesBuildPhase section */

/* Begin PBXSourcesBuildPhase section */
		184A90A31A3FFAE300A01CF9 /* Sources */ = {
			isa = PBXSourcesBuildPhase;
			buildActionMask = 2147483647;
			files = (
				184A90AF1A3FFAE300A01CF9 /* ViewController.swift in Sources */,
				184A90AD1A3FFAE300A01CF9 /* AppDelegate.swift in Sources */,
			);
			runOnlyForDeploymentPostprocessing = 0;
		};
		184A90B81A3FFAE300A01CF9 /* Sources */ = {
			isa = PBXSourcesBuildPhase;
			buildActionMask = 2147483647;
			files = (
				184A90C31A3FFAE300A01CF9 /* Where_Am_ITests.swift in Sources */,
			);
			runOnlyForDeploymentPostprocessing = 0;
		};
/* End PBXSourcesBuildPhase section */

/* Begin PBXTargetDependency section */
		184A90BE1A3FFAE300A01CF9 /* PBXTargetDependency */ = {
			isa = PBXTargetDependency;
			target = 184A90A61A3FFAE300A01CF9 /* Where Am I */;
			targetProxy = 184A90BD1A3FFAE300A01CF9 /* PBXContainerItemProxy */;
		};
/* End PBXTargetDependency section */

/* Begin PBXVariantGroup section */
		184A90B01A3FFAE300A01CF9 /* Main.storyboard */ = {
			isa = PBXVariantGroup;
			children = (
				184A90B11A3FFAE300A01CF9 /* Base */,
			);
			name = Main.storyboard;
			sourceTree = "<group>";
		};
		184A90B51A3FFAE300A01CF9 /* LaunchScreen.xib */ = {
			isa = PBXVariantGroup;
			children = (
				184A90B61A3FFAE300A01CF9 /* Base */,
			);
			name = LaunchScreen.xib;
			sourceTree = "<group>";
		};
/* End PBXVariantGroup section */

/* Begin XCBuildConfiguration section */
		184A90C41A3FFAE300A01CF9 /* Debug */ = {
			isa = XCBuildConfiguration;
			buildSettings = {
				ALWAYS_SEARCH_USER_PATHS = NO;
				CLANG_CXX_LANGUAGE_STANDARD = "gnu++0x";
				CLANG_CXX_LIBRARY = "libc++";
				CLANG_ENABLE_MODULES = YES;
				CLANG_ENABLE_OBJC_ARC = YES;
				CLANG_WARN_BOOL_CONVERSION = YES;
				CLANG_WARN_CONSTANT_CONVERSION = YES;
				CLANG_WARN_DIRECT_OBJC_ISA_USAGE = YES_ERROR;
				CLANG_WARN_EMPTY_BODY = YES;
				CLANG_WARN_ENUM_CONVERSION = YES;
				CLANG_WARN_INT_CONVERSION = YES;
				CLANG_WARN_OBJC_ROOT_CLASS = YES_ERROR;
				CLANG_WARN_UNREACHABLE_CODE = YES;
				CLANG_WARN__DUPLICATE_METHOD_MATCH = YES;
				"CODE_SIGN_IDENTITY[sdk=iphoneos*]" = "iPhone Developer";
				COPY_PHASE_STRIP = NO;
				ENABLE_STRICT_OBJC_MSGSEND = YES;
				GCC_C_LANGUAGE_STANDARD = gnu99;
				GCC_DYNAMIC_NO_PIC = NO;
				GCC_OPTIMIZATION_LEVEL = 0;
				GCC_PREPROCESSOR_DEFINITIONS = (
					"DEBUG=1",
					"$(inherited)",
				);
				GCC_SYMBOLS_PRIVATE_EXTERN = NO;
				GCC_WARN_64_TO_32_BIT_CONVERSION = YES;
				GCC_WARN_ABOUT_RETURN_TYPE = YES_ERROR;
				GCC_WARN_UNDECLARED_SELECTOR = YES;
				GCC_WARN_UNINITIALIZED_AUTOS = YES_AGGRESSIVE;
				GCC_WARN_UNUSED_FUNCTION = YES;
				GCC_WARN_UNUSED_VARIABLE = YES;
				IPHONEOS_DEPLOYMENT_TARGET = 8.1;
				MTL_ENABLE_DEBUG_INFO = YES;
				ONLY_ACTIVE_ARCH = YES;
				SDKROOT = iphoneos;
				SWIFT_OPTIMIZATION_LEVEL = "-Onone";
			};
			name = Debug;
		};
		184A90C51A3FFAE300A01CF9 /* Release */ = {
			isa = XCBuildConfiguration;
			buildSettings = {
				ALWAYS_SEARCH_USER_PATHS = NO;
				CLANG_CXX_LANGUAGE_STANDARD = "gnu++0x";
				CLANG_CXX_LIBRARY = "libc++";
				CLANG_ENABLE_MODULES = YES;
				CLANG_ENABLE_OBJC_ARC = YES;
				CLANG_WARN_BOOL_CONVERSION = YES;
				CLANG_WARN_CONSTANT_CONVERSION = YES;
				CLANG_WARN_DIRECT_OBJC_ISA_USAGE = YES_ERROR;
				CLANG_WARN_EMPTY_BODY = YES;
				CLANG_WARN_ENUM_CONVERSION = YES;
				CLANG_WARN_INT_CONVERSION = YES;
				CLANG_WARN_OBJC_ROOT_CLASS = YES_ERROR;
				CLANG_WARN_UNREACHABLE_CODE = YES;
				CLANG_WARN__DUPLICATE_METHOD_MATCH = YES;
				"CODE_SIGN_IDENTITY[sdk=iphoneos*]" = "iPhone Developer";
				COPY_PHASE_STRIP = YES;
				ENABLE_NS_ASSERTIONS = NO;
				ENABLE_STRICT_OBJC_MSGSEND = YES;
				GCC_C_LANGUAGE_STANDARD = gnu99;
				GCC_WARN_64_TO_32_BIT_CONVERSION = YES;
				GCC_WARN_ABOUT_RETURN_TYPE = YES_ERROR;
				GCC_WARN_UNDECLARED_SELECTOR = YES;
				GCC_WARN_UNINITIALIZED_AUTOS = YES_AGGRESSIVE;
				GCC_WARN_UNUSED_FUNCTION = YES;
				GCC_WARN_UNUSED_VARIABLE = YES;
				IPHONEOS_DEPLOYMENT_TARGET = 8.1;
				MTL_ENABLE_DEBUG_INFO = NO;
				SDKROOT = iphoneos;
				VALIDATE_PRODUCT = YES;
			};
			name = Release;
		};
		184A90C71A3FFAE300A01CF9 /* Debug */ = {
			isa = XCBuildConfiguration;
			buildSettings = {
				ASSETCATALOG_COMPILER_APPICON_NAME = AppIcon;
				INFOPLIST_FILE = "Where Am I/Info.plist";
				LD_RUNPATH_SEARCH_PATHS = "$(inherited) @executable_path/Frameworks";
				PRODUCT_NAME = "$(TARGET_NAME)";
			};
			name = Debug;
		};
		184A90C81A3FFAE300A01CF9 /* Release */ = {
			isa = XCBuildConfiguration;
			buildSettings = {
				ASSETCATALOG_COMPILER_APPICON_NAME = AppIcon;
				INFOPLIST_FILE = "Where Am I/Info.plist";
				LD_RUNPATH_SEARCH_PATHS = "$(inherited) @executable_path/Frameworks";
				PRODUCT_NAME = "$(TARGET_NAME)";
			};
			name = Release;
		};
		184A90CA1A3FFAE300A01CF9 /* Debug */ = {
			isa = XCBuildConfiguration;
			buildSettings = {
				BUNDLE_LOADER = "$(TEST_HOST)";
				FRAMEWORK_SEARCH_PATHS = (
					"$(SDKROOT)/Developer/Library/Frameworks",
					"$(inherited)",
				);
				GCC_PREPROCESSOR_DEFINITIONS = (
					"DEBUG=1",
					"$(inherited)",
				);
				INFOPLIST_FILE = "Where Am ITests/Info.plist";
				LD_RUNPATH_SEARCH_PATHS = "$(inherited) @executable_path/Frameworks @loader_path/Frameworks";
				PRODUCT_NAME = "$(TARGET_NAME)";
				TEST_HOST = "$(BUILT_PRODUCTS_DIR)/Where Am I.app/Where Am I";
			};
			name = Debug;
		};
		184A90CB1A3FFAE300A01CF9 /* Release */ = {
			isa = XCBuildConfiguration;
			buildSettings = {
				BUNDLE_LOADER = "$(TEST_HOST)";
				FRAMEWORK_SEARCH_PATHS = (
					"$(SDKROOT)/Developer/Library/Frameworks",
					"$(inherited)",
				);
				INFOPLIST_FILE = "Where Am ITests/Info.plist";
				LD_RUNPATH_SEARCH_PATHS = "$(inherited) @executable_path/Frameworks @loader_path/Frameworks";
				PRODUCT_NAME = "$(TARGET_NAME)";
				TEST_HOST = "$(BUILT_PRODUCTS_DIR)/Where Am I.app/Where Am I";
			};
			name = Release;
		};
/* End XCBuildConfiguration section */

/* Begin XCConfigurationList section */
		184A90A21A3FFAE300A01CF9 /* Build configuration list for PBXProject "Where Am I" */ = {
			isa = XCConfigurationList;
			buildConfigurations = (
				184A90C41A3FFAE300A01CF9 /* Debug */,
				184A90C51A3FFAE300A01CF9 /* Release */,
			);
			defaultConfigurationIsVisible = 0;
			defaultConfigurationName = Release;
		};
		184A90C61A3FFAE300A01CF9 /* Build configuration list for PBXNativeTarget "Where Am I" */ = {
			isa = XCConfigurationList;
			buildConfigurations = (
				184A90C71A3FFAE300A01CF9 /* Debug */,
				184A90C81A3FFAE300A01CF9 /* Release */,
			);
			defaultConfigurationIsVisible = 0;
		};
		184A90C91A3FFAE300A01CF9 /* Build configuration list for PBXNativeTarget "Where Am ITests" */ = {
			isa = XCConfigurationList;
			buildConfigurations = (
				184A90CA1A3FFAE300A01CF9 /* Debug */,
				184A90CB1A3FFAE300A01CF9 /* Release */,
			);
			defaultConfigurationIsVisible = 0;
		};
/* End XCConfigurationList section */
	};
	rootObject = 184A909F1A3FFAE300A01CF9 /* Project object */;
}
