// !$*UTF8*$!
{
	archiveVersion = 1;
	classes = {
	};
	objectVersion = 46;
	objects = {

/* Begin PBXBuildFile section */
		1829895719EF7CFC008E51C9 /* AppDelegate.swift in Sources */ = {isa = PBXBuildFile; fileRef = 1829895619EF7CFC008E51C9 /* AppDelegate.swift */; };
		1829895919EF7CFC008E51C9 /* ViewController.swift in Sources */ = {isa = PBXBuildFile; fileRef = 1829895819EF7CFC008E51C9 /* ViewController.swift */; };
		1829895C19EF7CFC008E51C9 /* Main.storyboard in Resources */ = {isa = PBXBuildFile; fileRef = 1829895A19EF7CFC008E51C9 /* Main.storyboard */; };
		1829895E19EF7CFC008E51C9 /* Images.xcassets in Resources */ = {isa = PBXBuildFile; fileRef = 1829895D19EF7CFC008E51C9 /* Images.xcassets */; };
		1829896119EF7CFC008E51C9 /* LaunchScreen.xib in Resources */ = {isa = PBXBuildFile; fileRef = 1829895F19EF7CFC008E51C9 /* LaunchScreen.xib */; };
		1829896D19EF7CFC008E51C9 /* Stop_WatchTests.swift in Sources */ = {isa = PBXBuildFile; fileRef = 1829896C19EF7CFC008E51C9 /* Stop_WatchTests.swift */; };
/* End PBXBuildFile section */

/* Begin PBXContainerItemProxy section */
		1829896719EF7CFC008E51C9 /* PBXContainerItemProxy */ = {
			isa = PBXContainerItemProxy;
			containerPortal = 1829894919EF7CFC008E51C9 /* Project object */;
			proxyType = 1;
			remoteGlobalIDString = 1829895019EF7CFC008E51C9;
			remoteInfo = "Stop Watch";
		};
/* End PBXContainerItemProxy section */

/* Begin PBXFileReference section */
		1829895119EF7CFC008E51C9 /* Stop Watch.app */ = {isa = PBXFileReference; explicitFileType = wrapper.application; includeInIndex = 0; path = "Stop Watch.app"; sourceTree = BUILT_PRODUCTS_DIR; };
		1829895519EF7CFC008E51C9 /* Info.plist */ = {isa = PBXFileReference; lastKnownFileType = text.plist.xml; path = Info.plist; sourceTree = "<group>"; };
		1829895619EF7CFC008E51C9 /* AppDelegate.swift */ = {isa = PBXFileReference; lastKnownFileType = sourcecode.swift; path = AppDelegate.swift; sourceTree = "<group>"; };
		1829895819EF7CFC008E51C9 /* ViewController.swift */ = {isa = PBXFileReference; lastKnownFileType = sourcecode.swift; path = ViewController.swift; sourceTree = "<group>"; };
		1829895B19EF7CFC008E51C9 /* Base */ = {isa = PBXFileReference; lastKnownFileType = file.storyboard; name = Base; path = Base.lproj/Main.storyboard; sourceTree = "<group>"; };
		1829895D19EF7CFC008E51C9 /* Images.xcassets */ = {isa = PBXFileReference; lastKnownFileType = folder.assetcatalog; path = Images.xcassets; sourceTree = "<group>"; };
		1829896019EF7CFC008E51C9 /* Base */ = {isa = PBXFileReference; lastKnownFileType = file.xib; name = Base; path = Base.lproj/LaunchScreen.xib; sourceTree = "<group>"; };
		1829896619EF7CFC008E51C9 /* Stop WatchTests.xctest */ = {isa = PBXFileReference; explicitFileType = wrapper.cfbundle; includeInIndex = 0; path = "Stop WatchTests.xctest"; sourceTree = BUILT_PRODUCTS_DIR; };
		1829896B19EF7CFC008E51C9 /* Info.plist */ = {isa = PBXFileReference; lastKnownFileType = text.plist.xml; path = Info.plist; sourceTree = "<group>"; };
		1829896C19EF7CFC008E51C9 /* Stop_WatchTests.swift */ = {isa = PBXFileReference; lastKnownFileType = sourcecode.swift; path = Stop_WatchTests.swift; sourceTree = "<group>"; };
/* End PBXFileReference section */

/* Begin PBXFrameworksBuildPhase section */
		1829894E19EF7CFC008E51C9 /* Frameworks */ = {
			isa = PBXFrameworksBuildPhase;
			buildActionMask = 2147483647;
			files = (
			);
			runOnlyForDeploymentPostprocessing = 0;
		};
		1829896319EF7CFC008E51C9 /* Frameworks */ = {
			isa = PBXFrameworksBuildPhase;
			buildActionMask = 2147483647;
			files = (
			);
			runOnlyForDeploymentPostprocessing = 0;
		};
/* End PBXFrameworksBuildPhase section */

/* Begin PBXGroup section */
		1829894819EF7CFC008E51C9 = {
			isa = PBXGroup;
			children = (
				1829895319EF7CFC008E51C9 /* Stop Watch */,
				1829896919EF7CFC008E51C9 /* Stop WatchTests */,
				1829895219EF7CFC008E51C9 /* Products */,
			);
			sourceTree = "<group>";
		};
		1829895219EF7CFC008E51C9 /* Products */ = {
			isa = PBXGroup;
			children = (
				1829895119EF7CFC008E51C9 /* Stop Watch.app */,
				1829896619EF7CFC008E51C9 /* Stop WatchTests.xctest */,
			);
			name = Products;
			sourceTree = "<group>";
		};
		1829895319EF7CFC008E51C9 /* Stop Watch */ = {
			isa = PBXGroup;
			children = (
				1829895619EF7CFC008E51C9 /* AppDelegate.swift */,
				1829895819EF7CFC008E51C9 /* ViewController.swift */,
				1829895A19EF7CFC008E51C9 /* Main.storyboard */,
				1829895D19EF7CFC008E51C9 /* Images.xcassets */,
				1829895F19EF7CFC008E51C9 /* LaunchScreen.xib */,
				1829895419EF7CFC008E51C9 /* Supporting Files */,
			);
			path = "Stop Watch";
			sourceTree = "<group>";
		};
		1829895419EF7CFC008E51C9 /* Supporting Files */ = {
			isa = PBXGroup;
			children = (
				1829895519EF7CFC008E51C9 /* Info.plist */,
			);
			name = "Supporting Files";
			sourceTree = "<group>";
		};
		1829896919EF7CFC008E51C9 /* Stop WatchTests */ = {
			isa = PBXGroup;
			children = (
				1829896C19EF7CFC008E51C9 /* Stop_WatchTests.swift */,
				1829896A19EF7CFC008E51C9 /* Supporting Files */,
			);
			path = "Stop WatchTests";
			sourceTree = "<group>";
		};
		1829896A19EF7CFC008E51C9 /* Supporting Files */ = {
			isa = PBXGroup;
			children = (
				1829896B19EF7CFC008E51C9 /* Info.plist */,
			);
			name = "Supporting Files";
			sourceTree = "<group>";
		};
/* End PBXGroup section */

/* Begin PBXNativeTarget section */
		1829895019EF7CFC008E51C9 /* Stop Watch */ = {
			isa = PBXNativeTarget;
			buildConfigurationList = 1829897019EF7CFC008E51C9 /* Build configuration list for PBXNativeTarget "Stop Watch" */;
			buildPhases = (
				1829894D19EF7CFC008E51C9 /* Sources */,
				1829894E19EF7CFC008E51C9 /* Frameworks */,
				1829894F19EF7CFC008E51C9 /* Resources */,
			);
			buildRules = (
			);
			dependencies = (
			);
			name = "Stop Watch";
			productName = "Stop Watch";
			productReference = 1829895119EF7CFC008E51C9 /* Stop Watch.app */;
			productType = "com.apple.product-type.application";
		};
		1829896519EF7CFC008E51C9 /* Stop WatchTests */ = {
			isa = PBXNativeTarget;
			buildConfigurationList = 1829897319EF7CFC008E51C9 /* Build configuration list for PBXNativeTarget "Stop WatchTests" */;
			buildPhases = (
				1829896219EF7CFC008E51C9 /* Sources */,
				1829896319EF7CFC008E51C9 /* Frameworks */,
				1829896419EF7CFC008E51C9 /* Resources */,
			);
			buildRules = (
			);
			dependencies = (
				1829896819EF7CFC008E51C9 /* PBXTargetDependency */,
			);
			name = "Stop WatchTests";
			productName = "Stop WatchTests";
			productReference = 1829896619EF7CFC008E51C9 /* Stop WatchTests.xctest */;
			productType = "com.apple.product-type.bundle.unit-test";
		};
/* End PBXNativeTarget section */

/* Begin PBXProject section */
		1829894919EF7CFC008E51C9 /* Project object */ = {
			isa = PBXProject;
			attributes = {
				LastUpgradeCheck = 0600;
				ORGANIZATIONNAME = Appfish;
				TargetAttributes = {
					1829895019EF7CFC008E51C9 = {
						CreatedOnToolsVersion = 6.0.1;
					};
					1829896519EF7CFC008E51C9 = {
						CreatedOnToolsVersion = 6.0.1;
						TestTargetID = 1829895019EF7CFC008E51C9;
					};
				};
			};
			buildConfigurationList = 1829894C19EF7CFC008E51C9 /* Build configuration list for PBXProject "Stop Watch" */;
			compatibilityVersion = "Xcode 3.2";
			developmentRegion = English;
			hasScannedForEncodings = 0;
			knownRegions = (
				en,
				Base,
			);
			mainGroup = 1829894819EF7CFC008E51C9;
			productRefGroup = 1829895219EF7CFC008E51C9 /* Products */;
			projectDirPath = "";
			projectRoot = "";
			targets = (
				1829895019EF7CFC008E51C9 /* Stop Watch */,
				1829896519EF7CFC008E51C9 /* Stop WatchTests */,
			);
		};
/* End PBXProject section */

/* Begin PBXResourcesBuildPhase section */
		1829894F19EF7CFC008E51C9 /* Resources */ = {
			isa = PBXResourcesBuildPhase;
			buildActionMask = 2147483647;
			files = (
				1829895C19EF7CFC008E51C9 /* Main.storyboard in Resources */,
				1829896119EF7CFC008E51C9 /* LaunchScreen.xib in Resources */,
				1829895E19EF7CFC008E51C9 /* Images.xcassets in Resources */,
			);
			runOnlyForDeploymentPostprocessing = 0;
		};
		1829896419EF7CFC008E51C9 /* Resources */ = {
			isa = PBXResourcesBuildPhase;
			buildActionMask = 2147483647;
			files = (
			);
			runOnlyForDeploymentPostprocessing = 0;
		};
/* End PBXResourcesBuildPhase section */

/* Begin PBXSourcesBuildPhase section */
		1829894D19EF7CFC008E51C9 /* Sources */ = {
			isa = PBXSourcesBuildPhase;
			buildActionMask = 2147483647;
			files = (
				1829895919EF7CFC008E51C9 /* ViewController.swift in Sources */,
				1829895719EF7CFC008E51C9 /* AppDelegate.swift in Sources */,
			);
			runOnlyForDeploymentPostprocessing = 0;
		};
		1829896219EF7CFC008E51C9 /* Sources */ = {
			isa = PBXSourcesBuildPhase;
			buildActionMask = 2147483647;
			files = (
				1829896D19EF7CFC008E51C9 /* Stop_WatchTests.swift in Sources */,
			);
			runOnlyForDeploymentPostprocessing = 0;
		};
/* End PBXSourcesBuildPhase section */

/* Begin PBXTargetDependency section */
		1829896819EF7CFC008E51C9 /* PBXTargetDependency */ = {
			isa = PBXTargetDependency;
			target = 1829895019EF7CFC008E51C9 /* Stop Watch */;
			targetProxy = 1829896719EF7CFC008E51C9 /* PBXContainerItemProxy */;
		};
/* End PBXTargetDependency section */

/* Begin PBXVariantGroup section */
		1829895A19EF7CFC008E51C9 /* Main.storyboard */ = {
			isa = PBXVariantGroup;
			children = (
				1829895B19EF7CFC008E51C9 /* Base */,
			);
			name = Main.storyboard;
			sourceTree = "<group>";
		};
		1829895F19EF7CFC008E51C9 /* LaunchScreen.xib */ = {
			isa = PBXVariantGroup;
			children = (
				1829896019EF7CFC008E51C9 /* Base */,
			);
			name = LaunchScreen.xib;
			sourceTree = "<group>";
		};
/* End PBXVariantGroup section */

/* Begin XCBuildConfiguration section */
		1829896E19EF7CFC008E51C9 /* Debug */ = {
			isa = XCBuildConfiguration;
			buildSettings = {
				ALWAYS_SEARCH_USER_PATHS = NO;
				CLANG_CXX_LANGUAGE_STANDARD = "gnu++0x";
				CLANG_CXX_LIBRARY = "libc++";
				CLANG_ENABLE_MODULES = YES;
				CLANG_ENABLE_OBJC_ARC = YES;
				CLANG_WARN_BOOL_CONVERSION = YES;
				CLANG_WARN_CONSTANT_CONVERSION = YES;
				CLANG_WARN_DIRECT_OBJC_ISA_USAGE = YES_ERROR;
				CLANG_WARN_EMPTY_BODY = YES;
				CLANG_WARN_ENUM_CONVERSION = YES;
				CLANG_WARN_INT_CONVERSION = YES;
				CLANG_WARN_OBJC_ROOT_CLASS = YES_ERROR;
				CLANG_WARN_UNREACHABLE_CODE = YES;
				CLANG_WARN__DUPLICATE_METHOD_MATCH = YES;
				"CODE_SIGN_IDENTITY[sdk=iphoneos*]" = "iPhone Developer";
				COPY_PHASE_STRIP = NO;
				ENABLE_STRICT_OBJC_MSGSEND = YES;
				GCC_C_LANGUAGE_STANDARD = gnu99;
				GCC_DYNAMIC_NO_PIC = NO;
				GCC_OPTIMIZATION_LEVEL = 0;
				GCC_PREPROCESSOR_DEFINITIONS = (
					"DEBUG=1",
					"$(inherited)",
				);
				GCC_SYMBOLS_PRIVATE_EXTERN = NO;
				GCC_WARN_64_TO_32_BIT_CONVERSION = YES;
				GCC_WARN_ABOUT_RETURN_TYPE = YES_ERROR;
				GCC_WARN_UNDECLARED_SELECTOR = YES;
				GCC_WARN_UNINITIALIZED_AUTOS = YES_AGGRESSIVE;
				GCC_WARN_UNUSED_FUNCTION = YES;
				GCC_WARN_UNUSED_VARIABLE = YES;
				IPHONEOS_DEPLOYMENT_TARGET = 8.0;
				MTL_ENABLE_DEBUG_INFO = YES;
				ONLY_ACTIVE_ARCH = YES;
				SDKROOT = iphoneos;
				SWIFT_OPTIMIZATION_LEVEL = "-Onone";
			};
			name = Debug;
		};
		1829896F19EF7CFC008E51C9 /* Release */ = {
			isa = XCBuildConfiguration;
			buildSettings = {
				ALWAYS_SEARCH_USER_PATHS = NO;
				CLANG_CXX_LANGUAGE_STANDARD = "gnu++0x";
				CLANG_CXX_LIBRARY = "libc++";
				CLANG_ENABLE_MODULES = YES;
				CLANG_ENABLE_OBJC_ARC = YES;
				CLANG_WARN_BOOL_CONVERSION = YES;
				CLANG_WARN_CONSTANT_CONVERSION = YES;
				CLANG_WARN_DIRECT_OBJC_ISA_USAGE = YES_ERROR;
				CLANG_WARN_EMPTY_BODY = YES;
				CLANG_WARN_ENUM_CONVERSION = YES;
				CLANG_WARN_INT_CONVERSION = YES;
				CLANG_WARN_OBJC_ROOT_CLASS = YES_ERROR;
				CLANG_WARN_UNREACHABLE_CODE = YES;
				CLANG_WARN__DUPLICATE_METHOD_MATCH = YES;
				"CODE_SIGN_IDENTITY[sdk=iphoneos*]" = "iPhone Developer";
				COPY_PHASE_STRIP = YES;
				ENABLE_NS_ASSERTIONS = NO;
				ENABLE_STRICT_OBJC_MSGSEND = YES;
				GCC_C_LANGUAGE_STANDARD = gnu99;
				GCC_WARN_64_TO_32_BIT_CONVERSION = YES;
				GCC_WARN_ABOUT_RETURN_TYPE = YES_ERROR;
				GCC_WARN_UNDECLARED_SELECTOR = YES;
				GCC_WARN_UNINITIALIZED_AUTOS = YES_AGGRESSIVE;
				GCC_WARN_UNUSED_FUNCTION = YES;
				GCC_WARN_UNUSED_VARIABLE = YES;
				IPHONEOS_DEPLOYMENT_TARGET = 8.0;
				MTL_ENABLE_DEBUG_INFO = NO;
				SDKROOT = iphoneos;
				VALIDATE_PRODUCT = YES;
			};
			name = Release;
		};
		1829897119EF7CFC008E51C9 /* Debug */ = {
			isa = XCBuildConfiguration;
			buildSettings = {
				ASSETCATALOG_COMPILER_APPICON_NAME = AppIcon;
				INFOPLIST_FILE = "Stop Watch/Info.plist";
				LD_RUNPATH_SEARCH_PATHS = "$(inherited) @executable_path/Frameworks";
				PRODUCT_NAME = "$(TARGET_NAME)";
			};
			name = Debug;
		};
		1829897219EF7CFC008E51C9 /* Release */ = {
			isa = XCBuildConfiguration;
			buildSettings = {
				ASSETCATALOG_COMPILER_APPICON_NAME = AppIcon;
				INFOPLIST_FILE = "Stop Watch/Info.plist";
				LD_RUNPATH_SEARCH_PATHS = "$(inherited) @executable_path/Frameworks";
				PRODUCT_NAME = "$(TARGET_NAME)";
			};
			name = Release;
		};
		1829897419EF7CFC008E51C9 /* Debug */ = {
			isa = XCBuildConfiguration;
			buildSettings = {
				BUNDLE_LOADER = "$(TEST_HOST)";
				FRAMEWORK_SEARCH_PATHS = (
					"$(SDKROOT)/Developer/Library/Frameworks",
					"$(inherited)",
				);
				GCC_PREPROCESSOR_DEFINITIONS = (
					"DEBUG=1",
					"$(inherited)",
				);
				INFOPLIST_FILE = "Stop WatchTests/Info.plist";
				LD_RUNPATH_SEARCH_PATHS = "$(inherited) @executable_path/Frameworks @loader_path/Frameworks";
				PRODUCT_NAME = "$(TARGET_NAME)";
				TEST_HOST = "$(BUILT_PRODUCTS_DIR)/Stop Watch.app/Stop Watch";
			};
			name = Debug;
		};
		1829897519EF7CFC008E51C9 /* Release */ = {
			isa = XCBuildConfiguration;
			buildSettings = {
				BUNDLE_LOADER = "$(TEST_HOST)";
				FRAMEWORK_SEARCH_PATHS = (
					"$(SDKROOT)/Developer/Library/Frameworks",
					"$(inherited)",
				);
				INFOPLIST_FILE = "Stop WatchTests/Info.plist";
				LD_RUNPATH_SEARCH_PATHS = "$(inherited) @executable_path/Frameworks @loader_path/Frameworks";
				PRODUCT_NAME = "$(TARGET_NAME)";
				TEST_HOST = "$(BUILT_PRODUCTS_DIR)/Stop Watch.app/Stop Watch";
			};
			name = Release;
		};
/* End XCBuildConfiguration section */

/* Begin XCConfigurationList section */
		1829894C19EF7CFC008E51C9 /* Build configuration list for PBXProject "Stop Watch" */ = {
			isa = XCConfigurationList;
			buildConfigurations = (
				1829896E19EF7CFC008E51C9 /* Debug */,
				1829896F19EF7CFC008E51C9 /* Release */,
			);
			defaultConfigurationIsVisible = 0;
			defaultConfigurationName = Release;
		};
		1829897019EF7CFC008E51C9 /* Build configuration list for PBXNativeTarget "Stop Watch" */ = {
			isa = XCConfigurationList;
			buildConfigurations = (
				1829897119EF7CFC008E51C9 /* Debug */,
				1829897219EF7CFC008E51C9 /* Release */,
			);
			defaultConfigurationIsVisible = 0;
		};
		1829897319EF7CFC008E51C9 /* Build configuration list for PBXNativeTarget "Stop WatchTests" */ = {
			isa = XCConfigurationList;
			buildConfigurations = (
				1829897419EF7CFC008E51C9 /* Debug */,
				1829897519EF7CFC008E51C9 /* Release */,
			);
			defaultConfigurationIsVisible = 0;
		};
/* End XCConfigurationList section */
	};
	rootObject = 1829894919EF7CFC008E51C9 /* Project object */;
}
